// !$*UTF8*$!
{
	archiveVersion = 1;
	classes = {
	};
	objectVersion = 50;
	objects = {

/* Begin PBXBuildFile section */
		2E171B92225BA61000D40DDF /* DBService+Playground.swift in Sources */ = {isa = PBXBuildFile; fileRef = 2E171B91225BA61000D40DDF /* DBService+Playground.swift */; };
		2E171B94225BA62900D40DDF /* DBService+Wins.swift in Sources */ = {isa = PBXBuildFile; fileRef = 2E171B93225BA62900D40DDF /* DBService+Wins.swift */; };
		2E171B97225CF86C00D40DDF /* MapViewController.swift in Sources */ = {isa = PBXBuildFile; fileRef = 2E171B95225CF86C00D40DDF /* MapViewController.swift */; };
		2E171B98225CF86C00D40DDF /* MapViewController.xib in Resources */ = {isa = PBXBuildFile; fileRef = 2E171B96225CF86C00D40DDF /* MapViewController.xib */; };
		2E171B9F225CF90700D40DDF /* LeaderboardViewController.swift in Sources */ = {isa = PBXBuildFile; fileRef = 2E171B9D225CF90700D40DDF /* LeaderboardViewController.swift */; };
		2E171BA0225CF90700D40DDF /* LeaderboardViewController.xib in Resources */ = {isa = PBXBuildFile; fileRef = 2E171B9E225CF90700D40DDF /* LeaderboardViewController.xib */; };
		2E171BA3225CF93100D40DDF /* CreateGameViewController.swift in Sources */ = {isa = PBXBuildFile; fileRef = 2E171BA1225CF93100D40DDF /* CreateGameViewController.swift */; };
		2E171BA4225CF93100D40DDF /* CreateGameViewController.xib in Resources */ = {isa = PBXBuildFile; fileRef = 2E171BA2225CF93100D40DDF /* CreateGameViewController.xib */; };
		2E171BAA225D011800D40DDF /* JsonModel.json in Sources */ = {isa = PBXBuildFile; fileRef = 2E171BA9225D011800D40DDF /* JsonModel.json */; };
		2E381E9F2260F31D0075C1CD /* GamePostView.swift in Sources */ = {isa = PBXBuildFile; fileRef = 2E381E9E2260F31D0075C1CD /* GamePostView.swift */; };
		2E381EA32260F3980075C1CD /* AchievementsView.swift in Sources */ = {isa = PBXBuildFile; fileRef = 2E381EA22260F3980075C1CD /* AchievementsView.swift */; };
		2E381EA72260F3BC0075C1CD /* FriendListView.swift in Sources */ = {isa = PBXBuildFile; fileRef = 2E381EA62260F3BC0075C1CD /* FriendListView.swift */; };
		2E381EB022613A1E0075C1CD /* ProfileViewController.swift in Sources */ = {isa = PBXBuildFile; fileRef = 2E381EAE22613A1E0075C1CD /* ProfileViewController.swift */; };
		2E381EB122613A1E0075C1CD /* ProfileViewController.xib in Resources */ = {isa = PBXBuildFile; fileRef = 2E381EAF22613A1E0075C1CD /* ProfileViewController.xib */; };
		2E9FE656225579E5004CA00B /* CreateAccountViewController.swift in Sources */ = {isa = PBXBuildFile; fileRef = 2E9FE655225579E5004CA00B /* CreateAccountViewController.swift */; };
		2E9FE65822557AC4004CA00B /* LoginViewController.swift in Sources */ = {isa = PBXBuildFile; fileRef = 2E9FE65722557AC4004CA00B /* LoginViewController.swift */; };
		2E9FE65F22557BC6004CA00B /* EditProfileViewController.swift in Sources */ = {isa = PBXBuildFile; fileRef = 2E9FE65E22557BC6004CA00B /* EditProfileViewController.swift */; };
		2E9FE66222557CE6004CA00B /* Constants.swift in Sources */ = {isa = PBXBuildFile; fileRef = 2E9FE66122557CE6004CA00B /* Constants.swift */; };
		2E9FE66422557D02004CA00B /* IBADesignableViews.swift in Sources */ = {isa = PBXBuildFile; fileRef = 2E9FE66322557D02004CA00B /* IBADesignableViews.swift */; };
		2E9FE66822557DF4004CA00B /* UIViewController+Navigation.swift in Sources */ = {isa = PBXBuildFile; fileRef = 2E9FE66722557DF4004CA00B /* UIViewController+Navigation.swift */; };
		2E9FE66A22557E23004CA00B /* UIViewController+Alert.swift in Sources */ = {isa = PBXBuildFile; fileRef = 2E9FE66922557E23004CA00B /* UIViewController+Alert.swift */; };
		2E9FE66C22557E8C004CA00B /* TabBarViewController.swift in Sources */ = {isa = PBXBuildFile; fileRef = 2E9FE66B22557E8C004CA00B /* TabBarViewController.swift */; };
		2E9FE66F22557EE8004CA00B /* Date+Extensions.swift in Sources */ = {isa = PBXBuildFile; fileRef = 2E9FE66E22557EE8004CA00B /* Date+Extensions.swift */; };
		2E9FE67122557F02004CA00B /* String+Date.swift in Sources */ = {isa = PBXBuildFile; fileRef = 2E9FE67022557F02004CA00B /* String+Date.swift */; };
		2E9FE6742255806E004CA00B /* AuthService.swift in Sources */ = {isa = PBXBuildFile; fileRef = 2E9FE6732255806E004CA00B /* AuthService.swift */; };
		2E9FE67622558164004CA00B /* StorageService.swift in Sources */ = {isa = PBXBuildFile; fileRef = 2E9FE67522558164004CA00B /* StorageService.swift */; };
		2E9FE67822558191004CA00B /* DBService.swift in Sources */ = {isa = PBXBuildFile; fileRef = 2E9FE67722558191004CA00B /* DBService.swift */; };
		2E9FE67A225581E4004CA00B /* DBService+Gamer.swift in Sources */ = {isa = PBXBuildFile; fileRef = 2E9FE679225581E4004CA00B /* DBService+Gamer.swift */; };
		2E9FE67C2255820A004CA00B /* DBService+Game.swift in Sources */ = {isa = PBXBuildFile; fileRef = 2E9FE67B2255820A004CA00B /* DBService+Game.swift */; };
		2E9FE67F22558282004CA00B /* LoginView.storyboard in Resources */ = {isa = PBXBuildFile; fileRef = 2E9FE67E22558282004CA00B /* LoginView.storyboard */; };
		2EC6D551225D310700336362 /* DummyFile.swift in Sources */ = {isa = PBXBuildFile; fileRef = 2EC6D550225D310700336362 /* DummyFile.swift */; };
		2EC6D555225E799F00336362 /* OneVsOneViewController.swift in Sources */ = {isa = PBXBuildFile; fileRef = 2EC6D553225E799F00336362 /* OneVsOneViewController.swift */; };
		2EC6D556225E799F00336362 /* OneVsOneViewController.xib in Resources */ = {isa = PBXBuildFile; fileRef = 2EC6D554225E799F00336362 /* OneVsOneViewController.xib */; };
		2EC6D559225E79B300336362 /* TwoVsTwoViewController.swift in Sources */ = {isa = PBXBuildFile; fileRef = 2EC6D557225E79B300336362 /* TwoVsTwoViewController.swift */; };
		2EC6D55A225E79B300336362 /* TwoVsTwoViewController.xib in Resources */ = {isa = PBXBuildFile; fileRef = 2EC6D558225E79B300336362 /* TwoVsTwoViewController.xib */; };
		2EC6D55D225E79CB00336362 /* FiveVsFiveViewController.swift in Sources */ = {isa = PBXBuildFile; fileRef = 2EC6D55B225E79CB00336362 /* FiveVsFiveViewController.swift */; };
		2EC6D55E225E79CB00336362 /* FiveVsFiveViewController.xib in Resources */ = {isa = PBXBuildFile; fileRef = 2EC6D55C225E79CB00336362 /* FiveVsFiveViewController.xib */; };
		2EC6D561225E7A0B00336362 /* ParkListViewController.swift in Sources */ = {isa = PBXBuildFile; fileRef = 2EC6D55F225E7A0B00336362 /* ParkListViewController.swift */; };
		2EC6D562225E7A0B00336362 /* ParkListViewController.xib in Resources */ = {isa = PBXBuildFile; fileRef = 2EC6D560225E7A0B00336362 /* ParkListViewController.xib */; };
		2EC6D56E225E9B5D00336362 /* FeedTableViewController.swift in Sources */ = {isa = PBXBuildFile; fileRef = 2EC6D56C225E9B5D00336362 /* FeedTableViewController.swift */; };
		2EC6D56F225E9B5D00336362 /* FeedTableViewController.xib in Resources */ = {isa = PBXBuildFile; fileRef = 2EC6D56D225E9B5D00336362 /* FeedTableViewController.xib */; };
		2EC6D572225E9BCB00336362 /* UserFeedTableViewController.swift in Sources */ = {isa = PBXBuildFile; fileRef = 2EC6D570225E9BCB00336362 /* UserFeedTableViewController.swift */; };
		2EC6D573225E9BCB00336362 /* UserFeedTableViewController.xib in Resources */ = {isa = PBXBuildFile; fileRef = 2EC6D571225E9BCB00336362 /* UserFeedTableViewController.xib */; };
		2ECA1BCF2270C336006348B3 /* FacebookLoginViewController.swift in Sources */ = {isa = PBXBuildFile; fileRef = 2ECA1BCE2270C336006348B3 /* FacebookLoginViewController.swift */; };
		2ECFC94D2264DDB900BD6A53 /* ParkEloInfoModel.swift in Sources */ = {isa = PBXBuildFile; fileRef = 2ECFC94C2264DDB900BD6A53 /* ParkEloInfoModel.swift */; };
		2ECFC94F2264E20A00BD6A53 /* DBService+ParkEloInfo.swift in Sources */ = {isa = PBXBuildFile; fileRef = 2ECFC94E2264E20A00BD6A53 /* DBService+ParkEloInfo.swift */; };
		2EF4809222565216008212DC /* GameModel.swift in Sources */ = {isa = PBXBuildFile; fileRef = 2EF4809122565216008212DC /* GameModel.swift */; };
		2EF4809422565227008212DC /* GamerModel.swift in Sources */ = {isa = PBXBuildFile; fileRef = 2EF4809322565227008212DC /* GamerModel.swift */; };
		2EF4809C22565A73008212DC /* SnapchatLoginViewController.swift in Sources */ = {isa = PBXBuildFile; fileRef = 2EF4809B22565A73008212DC /* SnapchatLoginViewController.swift */; };
		2EF480A02256BE38008212DC /* PlaygroundModel.swift in Sources */ = {isa = PBXBuildFile; fileRef = 2EF4809F2256BE38008212DC /* PlaygroundModel.swift */; };
		2EF480A22256BE69008212DC /* WinsModel.swift in Sources */ = {isa = PBXBuildFile; fileRef = 2EF480A12256BE69008212DC /* WinsModel.swift */; };
		4651EF13D0643CF9E55F05B3 /* Pods_Elite.framework in Frameworks */ = {isa = PBXBuildFile; fileRef = 647649F00844096F9E907D7A /* Pods_Elite.framework */; };
		48980A4D225E346B0034D04F /* JsonModel.json in Resources */ = {isa = PBXBuildFile; fileRef = 48980A4C225E346B0034D04F /* JsonModel.json */; };
		48D5C81A225D20F700AFDE8F /* GeocodingData.swift in Sources */ = {isa = PBXBuildFile; fileRef = 48D5C819225D20F700AFDE8F /* GeocodingData.swift */; };
		48D5C81C225D213B00AFDE8F /* GeolocationData.swift in Sources */ = {isa = PBXBuildFile; fileRef = 48D5C81B225D213B00AFDE8F /* GeolocationData.swift */; };
		48D5C81E225D216400AFDE8F /* JsonParkData.swift in Sources */ = {isa = PBXBuildFile; fileRef = 48D5C81D225D216400AFDE8F /* JsonParkData.swift */; };
		48D5C820225D320900AFDE8F /* GeocodingClient.swift in Sources */ = {isa = PBXBuildFile; fileRef = 48D5C81F225D320900AFDE8F /* GeocodingClient.swift */; };
		48D5C822225D325F00AFDE8F /* GeolocationClient.swift in Sources */ = {isa = PBXBuildFile; fileRef = 48D5C821225D325F00AFDE8F /* GeolocationClient.swift */; };
		48D5C824225D328A00AFDE8F /* JsonParkDataClient.swift in Sources */ = {isa = PBXBuildFile; fileRef = 48D5C823225D328A00AFDE8F /* JsonParkDataClient.swift */; };
		48D5C826225D33A100AFDE8F /* PrivateInfoFile.swift in Sources */ = {isa = PBXBuildFile; fileRef = 48D5C825225D33A000AFDE8F /* PrivateInfoFile.swift */; };
		48D5C828225D430700AFDE8F /* AppError.swift in Sources */ = {isa = PBXBuildFile; fileRef = 48D5C827225D430700AFDE8F /* AppError.swift */; };
		48DB1A642260F28300C7CEAC /* AllInfoForBasketBallCourts.json in Sources */ = {isa = PBXBuildFile; fileRef = 48DB1A632260F28300C7CEAC /* AllInfoForBasketBallCourts.json */; };
		48DB1A662260F72500C7CEAC /* AllInfoForHandballCourts.json in Sources */ = {isa = PBXBuildFile; fileRef = 48DB1A652260F72500C7CEAC /* AllInfoForHandballCourts.json */; };
		48DB1A682260FB6200C7CEAC /* AllNYCParkInfo.swift in Sources */ = {isa = PBXBuildFile; fileRef = 48DB1A672260FB6200C7CEAC /* AllNYCParkInfo.swift */; };
		48EFEB83226D0B450006092D /* AVCapturePreviewView.swift in Sources */ = {isa = PBXBuildFile; fileRef = 48EFEB82226D0B450006092D /* AVCapturePreviewView.swift */; };
		48EFEB85226D0F660006092D /* AVCaptureVideoOrientation+Orientations.swift in Sources */ = {isa = PBXBuildFile; fileRef = 48EFEB84226D0F660006092D /* AVCaptureVideoOrientation+Orientations.swift */; };
		48EFEB87226D122D0006092D /* CaptureSession.swift in Sources */ = {isa = PBXBuildFile; fileRef = 48EFEB86226D122D0006092D /* CaptureSession.swift */; };
		48EFEB89226D12FD0006092D /* AVPreviewLayer.swift in Sources */ = {isa = PBXBuildFile; fileRef = 48EFEB88226D12FD0006092D /* AVPreviewLayer.swift */; };
		48EFEB8B226D14AE0006092D /* ScannerViewController.swift in Sources */ = {isa = PBXBuildFile; fileRef = 48EFEB8A226D14AE0006092D /* ScannerViewController.swift */; };
		48F1B5C2226980F700B53E11 /* basketballCourtInfo.json in Resources */ = {isa = PBXBuildFile; fileRef = 48F1B5C1226980F700B53E11 /* basketballCourtInfo.json */; };
		48F1B5C42269812500B53E11 /* handballCourtInfo.json in Resources */ = {isa = PBXBuildFile; fileRef = 48F1B5C32269812500B53E11 /* handballCourtInfo.json */; };
		48F1B5C7226989DB00B53E11 /* MapViewPopupController.swift in Sources */ = {isa = PBXBuildFile; fileRef = 48F1B5C5226989DB00B53E11 /* MapViewPopupController.swift */; };
		48F1B5C8226989DB00B53E11 /* MapViewPopupController.xib in Resources */ = {isa = PBXBuildFile; fileRef = 48F1B5C6226989DB00B53E11 /* MapViewPopupController.xib */; };
		BFADB58F22553FB200E746B5 /* AppDelegate.swift in Sources */ = {isa = PBXBuildFile; fileRef = BFADB58E22553FB200E746B5 /* AppDelegate.swift */; };
		BFADB59622553FB300E746B5 /* Assets.xcassets in Resources */ = {isa = PBXBuildFile; fileRef = BFADB59522553FB300E746B5 /* Assets.xcassets */; };
		BFADB59922553FB300E746B5 /* LaunchScreen.storyboard in Resources */ = {isa = PBXBuildFile; fileRef = BFADB59722553FB300E746B5 /* LaunchScreen.storyboard */; };
		BFADB5A5225544EA00E746B5 /* GoogleService-Info.plist in Resources */ = {isa = PBXBuildFile; fileRef = BFADB5A4225544EA00E746B5 /* GoogleService-Info.plist */; };
		BFED970F225E6E2900CC360B /* EloRankMethods.swift in Sources */ = {isa = PBXBuildFile; fileRef = BFED970E225E6E2900CC360B /* EloRankMethods.swift */; };
		D521086F225E95540044C440 /* UserFeedCell.xib in Resources */ = {isa = PBXBuildFile; fileRef = D521086D225E95540044C440 /* UserFeedCell.xib */; };
		D5210870225E95540044C440 /* UserFeedCell.swift in Sources */ = {isa = PBXBuildFile; fileRef = D521086E225E95540044C440 /* UserFeedCell.swift */; };
		D5210873225E956B0044C440 /* FiveVsFiveFeedCell.swift in Sources */ = {isa = PBXBuildFile; fileRef = D5210871225E956B0044C440 /* FiveVsFiveFeedCell.swift */; };
		D5210874225E956B0044C440 /* FiveVsFiveFeedCell.xib in Resources */ = {isa = PBXBuildFile; fileRef = D5210872225E956B0044C440 /* FiveVsFiveFeedCell.xib */; };
		D5210879225E95A70044C440 /* TwoVsTwoFeedCell.xib in Resources */ = {isa = PBXBuildFile; fileRef = D5210877225E95A60044C440 /* TwoVsTwoFeedCell.xib */; };
		D521087A225E95A70044C440 /* TwoVsTwoFeedCell.swift in Sources */ = {isa = PBXBuildFile; fileRef = D5210878225E95A60044C440 /* TwoVsTwoFeedCell.swift */; };
		D521087D225E95E20044C440 /* FeedView.xib in Resources */ = {isa = PBXBuildFile; fileRef = D521087B225E95E20044C440 /* FeedView.xib */; };
		D521087E225E95E20044C440 /* FeedHeaderView.swift in Sources */ = {isa = PBXBuildFile; fileRef = D521087C225E95E20044C440 /* FeedHeaderView.swift */; };
		D5210881225E960B0044C440 /* FeedCellTableViewCell.swift in Sources */ = {isa = PBXBuildFile; fileRef = D521087F225E960A0044C440 /* FeedCellTableViewCell.swift */; };
		D5210882225E960B0044C440 /* FeedCell.xib in Resources */ = {isa = PBXBuildFile; fileRef = D5210880225E960A0044C440 /* FeedCell.xib */; };
		D5210885225EB3D20044C440 /* ParkInfoCell.swift in Sources */ = {isa = PBXBuildFile; fileRef = D5210883225EB3D20044C440 /* ParkInfoCell.swift */; };
		D5210886225EB3D20044C440 /* ParkInfoCell.xib in Resources */ = {isa = PBXBuildFile; fileRef = D5210884225EB3D20044C440 /* ParkInfoCell.xib */; };
		D56FE69E2262B28800A5553E /* MainTimer.swift in Sources */ = {isa = PBXBuildFile; fileRef = D56FE69D2262B28800A5553E /* MainTimer.swift */; };
		D5B304542264EDF800404241 /* Invitation.swift in Sources */ = {isa = PBXBuildFile; fileRef = D5B304532264EDF800404241 /* Invitation.swift */; };
		D5B304562265224D00404241 /* DBService+Message.swift in Sources */ = {isa = PBXBuildFile; fileRef = D5B304552265224D00404241 /* DBService+Message.swift */; };
		D5B304592266792200404241 /* QrCodeViewController.swift in Sources */ = {isa = PBXBuildFile; fileRef = D5B304572266792200404241 /* QrCodeViewController.swift */; };
		D5B3045A2266792200404241 /* QrCodeViewController.xib in Resources */ = {isa = PBXBuildFile; fileRef = D5B304582266792200404241 /* QrCodeViewController.xib */; };
		D5B3045D22677A8000404241 /* InvitationAlertViewController.swift in Sources */ = {isa = PBXBuildFile; fileRef = D5B3045B22677A7F00404241 /* InvitationAlertViewController.swift */; };
		D5B3045E22677A8000404241 /* InvitationAlertViewController.xib in Resources */ = {isa = PBXBuildFile; fileRef = D5B3045C22677A7F00404241 /* InvitationAlertViewController.xib */; };
		D5B304602267BDCB00404241 /* InvitationListener.swift in Sources */ = {isa = PBXBuildFile; fileRef = D5B3045F2267BDCB00404241 /* InvitationListener.swift */; };
		D5B4F56B2270B4C50081FCF0 /* CurrentGame.swift in Sources */ = {isa = PBXBuildFile; fileRef = D5B4F56A2270B4C50081FCF0 /* CurrentGame.swift */; };
		D5B4F56D2270BD0D0081FCF0 /* DBService+CurrentGame.swift in Sources */ = {isa = PBXBuildFile; fileRef = D5B4F56C2270BD0D0081FCF0 /* DBService+CurrentGame.swift */; };
		D5B4F56F2271EB8B0081FCF0 /* Flag.swift in Sources */ = {isa = PBXBuildFile; fileRef = D5B4F56E2271EB8B0081FCF0 /* Flag.swift */; };
		D5B57D422262698400DB73E2 /* OneVsOneProgressViewController.swift in Sources */ = {isa = PBXBuildFile; fileRef = D5B57D402262698400DB73E2 /* OneVsOneProgressViewController.swift */; };
		D5B57D432262698400DB73E2 /* OneVsOneProgressViewController.xib in Resources */ = {isa = PBXBuildFile; fileRef = D5B57D412262698400DB73E2 /* OneVsOneProgressViewController.xib */; };
		D5BCBBFA226F7FBD006B0015 /* TwoVsTwoProgressViewController.swift in Sources */ = {isa = PBXBuildFile; fileRef = D5BCBBF8226F7FBD006B0015 /* TwoVsTwoProgressViewController.swift */; };
		D5BCBBFB226F7FBD006B0015 /* TwoVsTwoProgressViewController.xib in Resources */ = {isa = PBXBuildFile; fileRef = D5BCBBF9226F7FBD006B0015 /* TwoVsTwoProgressViewController.xib */; };
		D5D375B8226A4A9000F25FCF /* DBService+WinnerConfirmation.swift in Sources */ = {isa = PBXBuildFile; fileRef = D5D375B7226A4A9000F25FCF /* DBService+WinnerConfirmation.swift */; };
		D5D375BD226A6D3900F25FCF /* WinnerViewController.swift in Sources */ = {isa = PBXBuildFile; fileRef = D5D375BB226A6D3900F25FCF /* WinnerViewController.swift */; };
		D5D375BE226A6D3900F25FCF /* WinnerViewController.xib in Resources */ = {isa = PBXBuildFile; fileRef = D5D375BC226A6D3900F25FCF /* WinnerViewController.xib */; };
		D5DE77F1225FF61200439407 /* SearchPlayerViewController.swift in Sources */ = {isa = PBXBuildFile; fileRef = D5DE77EF225FF61200439407 /* SearchPlayerViewController.swift */; };
		D5DE77F2225FF61200439407 /* SearchPlayerViewController.xib in Resources */ = {isa = PBXBuildFile; fileRef = D5DE77F0225FF61200439407 /* SearchPlayerViewController.xib */; };
		D5DF86B222692CBB00E2972A /* WinnerConfirmation.swift in Sources */ = {isa = PBXBuildFile; fileRef = D5DF86B122692CBB00E2972A /* WinnerConfirmation.swift */; };
		D5DF86B422692FFC00E2972A /* CurrentPlayer.swift in Sources */ = {isa = PBXBuildFile; fileRef = D5DF86B322692FFC00E2972A /* CurrentPlayer.swift */; };
		D5DF86B6226936D300E2972A /* TeamRoles.swift in Sources */ = {isa = PBXBuildFile; fileRef = D5DF86B5226936D300E2972A /* TeamRoles.swift */; };
		D5DF86B8226945E200E2972A /* DBService+CurrentPlayer.swift in Sources */ = {isa = PBXBuildFile; fileRef = D5DF86B7226945E200E2972A /* DBService+CurrentPlayer.swift */; };
		D5DF86BA22694C9E00E2972A /* Teams.swift in Sources */ = {isa = PBXBuildFile; fileRef = D5DF86B922694C9E00E2972A /* Teams.swift */; };
		D5DF86BC226A217300E2972A /* GameType.swift in Sources */ = {isa = PBXBuildFile; fileRef = D5DF86BB226A217300E2972A /* GameType.swift */; };
		D5DF86BE226A21B100E2972A /* GameName.swift in Sources */ = {isa = PBXBuildFile; fileRef = D5DF86BD226A21B100E2972A /* GameName.swift */; };
		D5EFCBFB2263DD6A00D3C2E7 /* BoroughCollectionViewCell.swift in Sources */ = {isa = PBXBuildFile; fileRef = D5EFCBF92263DD6A00D3C2E7 /* BoroughCollectionViewCell.swift */; };
		D5EFCBFC2263DD6A00D3C2E7 /* BoroughCollectionViewCell.xib in Resources */ = {isa = PBXBuildFile; fileRef = D5EFCBFA2263DD6A00D3C2E7 /* BoroughCollectionViewCell.xib */; };
		D5EFCBFF2264000700D3C2E7 /* LeaderboardCell.swift in Sources */ = {isa = PBXBuildFile; fileRef = D5EFCBFD2264000700D3C2E7 /* LeaderboardCell.swift */; };
		D5EFCC002264000700D3C2E7 /* LeaderboardCell.xib in Resources */ = {isa = PBXBuildFile; fileRef = D5EFCBFE2264000700D3C2E7 /* LeaderboardCell.xib */; };
		D5F545502268DE6C00DB05F0 /* EndGameViewController.swift in Sources */ = {isa = PBXBuildFile; fileRef = D5F5454E2268DE6C00DB05F0 /* EndGameViewController.swift */; };
		D5F545512268DE6C00DB05F0 /* EndGameViewController.xib in Resources */ = {isa = PBXBuildFile; fileRef = D5F5454F2268DE6C00DB05F0 /* EndGameViewController.xib */; };
/* End PBXBuildFile section */

/* Begin PBXFileReference section */
		2E171B91225BA61000D40DDF /* DBService+Playground.swift */ = {isa = PBXFileReference; lastKnownFileType = sourcecode.swift; path = "DBService+Playground.swift"; sourceTree = "<group>"; };
		2E171B93225BA62900D40DDF /* DBService+Wins.swift */ = {isa = PBXFileReference; lastKnownFileType = sourcecode.swift; path = "DBService+Wins.swift"; sourceTree = "<group>"; };
		2E171B95225CF86C00D40DDF /* MapViewController.swift */ = {isa = PBXFileReference; lastKnownFileType = sourcecode.swift; path = MapViewController.swift; sourceTree = "<group>"; };
		2E171B96225CF86C00D40DDF /* MapViewController.xib */ = {isa = PBXFileReference; lastKnownFileType = file.xib; path = MapViewController.xib; sourceTree = "<group>"; };
		2E171B9D225CF90700D40DDF /* LeaderboardViewController.swift */ = {isa = PBXFileReference; lastKnownFileType = sourcecode.swift; path = LeaderboardViewController.swift; sourceTree = "<group>"; };
		2E171B9E225CF90700D40DDF /* LeaderboardViewController.xib */ = {isa = PBXFileReference; lastKnownFileType = file.xib; path = LeaderboardViewController.xib; sourceTree = "<group>"; };
		2E171BA1225CF93100D40DDF /* CreateGameViewController.swift */ = {isa = PBXFileReference; lastKnownFileType = sourcecode.swift; path = CreateGameViewController.swift; sourceTree = "<group>"; };
		2E171BA2225CF93100D40DDF /* CreateGameViewController.xib */ = {isa = PBXFileReference; lastKnownFileType = file.xib; path = CreateGameViewController.xib; sourceTree = "<group>"; };
		2E171BA6225CF95100D40DDF /* FeedTableViewController.xib */ = {isa = PBXFileReference; lastKnownFileType = file.xib; path = FeedTableViewController.xib; sourceTree = "<group>"; };
		2E171BA9225D011800D40DDF /* JsonModel.json */ = {isa = PBXFileReference; lastKnownFileType = text.json; path = JsonModel.json; sourceTree = "<group>"; };
		2E381E9E2260F31D0075C1CD /* GamePostView.swift */ = {isa = PBXFileReference; lastKnownFileType = sourcecode.swift; path = GamePostView.swift; sourceTree = "<group>"; };
		2E381EA22260F3980075C1CD /* AchievementsView.swift */ = {isa = PBXFileReference; lastKnownFileType = sourcecode.swift; path = AchievementsView.swift; sourceTree = "<group>"; };
		2E381EA62260F3BC0075C1CD /* FriendListView.swift */ = {isa = PBXFileReference; lastKnownFileType = sourcecode.swift; path = FriendListView.swift; sourceTree = "<group>"; };
		2E381EAE22613A1E0075C1CD /* ProfileViewController.swift */ = {isa = PBXFileReference; lastKnownFileType = sourcecode.swift; path = ProfileViewController.swift; sourceTree = "<group>"; };
		2E381EAF22613A1E0075C1CD /* ProfileViewController.xib */ = {isa = PBXFileReference; lastKnownFileType = file.xib; path = ProfileViewController.xib; sourceTree = "<group>"; };
		2E9FE655225579E5004CA00B /* CreateAccountViewController.swift */ = {isa = PBXFileReference; lastKnownFileType = sourcecode.swift; path = CreateAccountViewController.swift; sourceTree = "<group>"; };
		2E9FE65722557AC4004CA00B /* LoginViewController.swift */ = {isa = PBXFileReference; lastKnownFileType = sourcecode.swift; path = LoginViewController.swift; sourceTree = "<group>"; };
		2E9FE65E22557BC6004CA00B /* EditProfileViewController.swift */ = {isa = PBXFileReference; lastKnownFileType = sourcecode.swift; path = EditProfileViewController.swift; sourceTree = "<group>"; };
		2E9FE66122557CE6004CA00B /* Constants.swift */ = {isa = PBXFileReference; lastKnownFileType = sourcecode.swift; path = Constants.swift; sourceTree = "<group>"; };
		2E9FE66322557D02004CA00B /* IBADesignableViews.swift */ = {isa = PBXFileReference; lastKnownFileType = sourcecode.swift; path = IBADesignableViews.swift; sourceTree = "<group>"; };
		2E9FE66722557DF4004CA00B /* UIViewController+Navigation.swift */ = {isa = PBXFileReference; lastKnownFileType = sourcecode.swift; path = "UIViewController+Navigation.swift"; sourceTree = "<group>"; };
		2E9FE66922557E23004CA00B /* UIViewController+Alert.swift */ = {isa = PBXFileReference; lastKnownFileType = sourcecode.swift; path = "UIViewController+Alert.swift"; sourceTree = "<group>"; };
		2E9FE66B22557E8C004CA00B /* TabBarViewController.swift */ = {isa = PBXFileReference; lastKnownFileType = sourcecode.swift; path = TabBarViewController.swift; sourceTree = "<group>"; };
		2E9FE66E22557EE8004CA00B /* Date+Extensions.swift */ = {isa = PBXFileReference; lastKnownFileType = sourcecode.swift; path = "Date+Extensions.swift"; sourceTree = "<group>"; };
		2E9FE67022557F02004CA00B /* String+Date.swift */ = {isa = PBXFileReference; lastKnownFileType = sourcecode.swift; path = "String+Date.swift"; sourceTree = "<group>"; };
		2E9FE6732255806E004CA00B /* AuthService.swift */ = {isa = PBXFileReference; lastKnownFileType = sourcecode.swift; path = AuthService.swift; sourceTree = "<group>"; };
		2E9FE67522558164004CA00B /* StorageService.swift */ = {isa = PBXFileReference; lastKnownFileType = sourcecode.swift; path = StorageService.swift; sourceTree = "<group>"; };
		2E9FE67722558191004CA00B /* DBService.swift */ = {isa = PBXFileReference; lastKnownFileType = sourcecode.swift; path = DBService.swift; sourceTree = "<group>"; };
		2E9FE679225581E4004CA00B /* DBService+Gamer.swift */ = {isa = PBXFileReference; lastKnownFileType = sourcecode.swift; path = "DBService+Gamer.swift"; sourceTree = "<group>"; };
		2E9FE67B2255820A004CA00B /* DBService+Game.swift */ = {isa = PBXFileReference; lastKnownFileType = sourcecode.swift; path = "DBService+Game.swift"; sourceTree = "<group>"; };
		2E9FE67E22558282004CA00B /* LoginView.storyboard */ = {isa = PBXFileReference; lastKnownFileType = file.storyboard; path = LoginView.storyboard; sourceTree = "<group>"; };
		2EC6D550225D310700336362 /* DummyFile.swift */ = {isa = PBXFileReference; lastKnownFileType = sourcecode.swift; path = DummyFile.swift; sourceTree = "<group>"; };
		2EC6D553225E799F00336362 /* OneVsOneViewController.swift */ = {isa = PBXFileReference; lastKnownFileType = sourcecode.swift; path = OneVsOneViewController.swift; sourceTree = "<group>"; };
		2EC6D554225E799F00336362 /* OneVsOneViewController.xib */ = {isa = PBXFileReference; lastKnownFileType = file.xib; path = OneVsOneViewController.xib; sourceTree = "<group>"; };
		2EC6D557225E79B300336362 /* TwoVsTwoViewController.swift */ = {isa = PBXFileReference; lastKnownFileType = sourcecode.swift; path = TwoVsTwoViewController.swift; sourceTree = "<group>"; };
		2EC6D558225E79B300336362 /* TwoVsTwoViewController.xib */ = {isa = PBXFileReference; lastKnownFileType = file.xib; path = TwoVsTwoViewController.xib; sourceTree = "<group>"; };
		2EC6D55B225E79CB00336362 /* FiveVsFiveViewController.swift */ = {isa = PBXFileReference; lastKnownFileType = sourcecode.swift; name = FiveVsFiveViewController.swift; path = ../FiveVsFiveViewController.swift; sourceTree = "<group>"; };
		2EC6D55C225E79CB00336362 /* FiveVsFiveViewController.xib */ = {isa = PBXFileReference; lastKnownFileType = file.xib; name = FiveVsFiveViewController.xib; path = ../FiveVsFiveViewController.xib; sourceTree = "<group>"; };
		2EC6D55F225E7A0B00336362 /* ParkListViewController.swift */ = {isa = PBXFileReference; lastKnownFileType = sourcecode.swift; path = ParkListViewController.swift; sourceTree = "<group>"; };
		2EC6D560225E7A0B00336362 /* ParkListViewController.xib */ = {isa = PBXFileReference; lastKnownFileType = file.xib; path = ParkListViewController.xib; sourceTree = "<group>"; };
		2EC6D56C225E9B5D00336362 /* FeedTableViewController.swift */ = {isa = PBXFileReference; lastKnownFileType = sourcecode.swift; path = FeedTableViewController.swift; sourceTree = "<group>"; };
		2EC6D56D225E9B5D00336362 /* FeedTableViewController.xib */ = {isa = PBXFileReference; lastKnownFileType = file.xib; path = FeedTableViewController.xib; sourceTree = "<group>"; };
		2EC6D570225E9BCB00336362 /* UserFeedTableViewController.swift */ = {isa = PBXFileReference; lastKnownFileType = sourcecode.swift; path = UserFeedTableViewController.swift; sourceTree = "<group>"; };
		2EC6D571225E9BCB00336362 /* UserFeedTableViewController.xib */ = {isa = PBXFileReference; lastKnownFileType = file.xib; path = UserFeedTableViewController.xib; sourceTree = "<group>"; };
		2ECA1BCE2270C336006348B3 /* FacebookLoginViewController.swift */ = {isa = PBXFileReference; lastKnownFileType = sourcecode.swift; path = FacebookLoginViewController.swift; sourceTree = "<group>"; };
		2ECFC94C2264DDB900BD6A53 /* ParkEloInfoModel.swift */ = {isa = PBXFileReference; lastKnownFileType = sourcecode.swift; path = ParkEloInfoModel.swift; sourceTree = "<group>"; };
		2ECFC94E2264E20A00BD6A53 /* DBService+ParkEloInfo.swift */ = {isa = PBXFileReference; lastKnownFileType = sourcecode.swift; path = "DBService+ParkEloInfo.swift"; sourceTree = "<group>"; };
		2EF4809122565216008212DC /* GameModel.swift */ = {isa = PBXFileReference; lastKnownFileType = sourcecode.swift; path = GameModel.swift; sourceTree = "<group>"; };
		2EF4809322565227008212DC /* GamerModel.swift */ = {isa = PBXFileReference; lastKnownFileType = sourcecode.swift; path = GamerModel.swift; sourceTree = "<group>"; };
		2EF4809B22565A73008212DC /* SnapchatLoginViewController.swift */ = {isa = PBXFileReference; lastKnownFileType = sourcecode.swift; path = SnapchatLoginViewController.swift; sourceTree = "<group>"; };
		2EF4809F2256BE38008212DC /* PlaygroundModel.swift */ = {isa = PBXFileReference; lastKnownFileType = sourcecode.swift; path = PlaygroundModel.swift; sourceTree = "<group>"; };
		2EF480A12256BE69008212DC /* WinsModel.swift */ = {isa = PBXFileReference; lastKnownFileType = sourcecode.swift; path = WinsModel.swift; sourceTree = "<group>"; };
		48980A4C225E346B0034D04F /* JsonModel.json */ = {isa = PBXFileReference; fileEncoding = 4; lastKnownFileType = text.json; path = JsonModel.json; sourceTree = "<group>"; };
		48D5C819225D20F700AFDE8F /* GeocodingData.swift */ = {isa = PBXFileReference; lastKnownFileType = sourcecode.swift; path = GeocodingData.swift; sourceTree = "<group>"; };
		48D5C81B225D213B00AFDE8F /* GeolocationData.swift */ = {isa = PBXFileReference; lastKnownFileType = sourcecode.swift; path = GeolocationData.swift; sourceTree = "<group>"; };
		48D5C81D225D216400AFDE8F /* JsonParkData.swift */ = {isa = PBXFileReference; lastKnownFileType = sourcecode.swift; path = JsonParkData.swift; sourceTree = "<group>"; };
		48D5C81F225D320900AFDE8F /* GeocodingClient.swift */ = {isa = PBXFileReference; lastKnownFileType = sourcecode.swift; path = GeocodingClient.swift; sourceTree = "<group>"; };
		48D5C821225D325F00AFDE8F /* GeolocationClient.swift */ = {isa = PBXFileReference; lastKnownFileType = sourcecode.swift; path = GeolocationClient.swift; sourceTree = "<group>"; };
		48D5C823225D328A00AFDE8F /* JsonParkDataClient.swift */ = {isa = PBXFileReference; lastKnownFileType = sourcecode.swift; path = JsonParkDataClient.swift; sourceTree = "<group>"; };
		48D5C825225D33A000AFDE8F /* PrivateInfoFile.swift */ = {isa = PBXFileReference; lastKnownFileType = sourcecode.swift; path = PrivateInfoFile.swift; sourceTree = "<group>"; };
		48D5C827225D430700AFDE8F /* AppError.swift */ = {isa = PBXFileReference; lastKnownFileType = sourcecode.swift; path = AppError.swift; sourceTree = "<group>"; };
		48DB1A632260F28300C7CEAC /* AllInfoForBasketBallCourts.json */ = {isa = PBXFileReference; lastKnownFileType = text.json; path = AllInfoForBasketBallCourts.json; sourceTree = "<group>"; };
		48DB1A652260F72500C7CEAC /* AllInfoForHandballCourts.json */ = {isa = PBXFileReference; lastKnownFileType = text.json; path = AllInfoForHandballCourts.json; sourceTree = "<group>"; };
		48DB1A672260FB6200C7CEAC /* AllNYCParkInfo.swift */ = {isa = PBXFileReference; lastKnownFileType = sourcecode.swift; path = AllNYCParkInfo.swift; sourceTree = "<group>"; };
		48EFEB82226D0B450006092D /* AVCapturePreviewView.swift */ = {isa = PBXFileReference; lastKnownFileType = sourcecode.swift; path = AVCapturePreviewView.swift; sourceTree = "<group>"; };
		48EFEB84226D0F660006092D /* AVCaptureVideoOrientation+Orientations.swift */ = {isa = PBXFileReference; lastKnownFileType = sourcecode.swift; path = "AVCaptureVideoOrientation+Orientations.swift"; sourceTree = "<group>"; };
		48EFEB86226D122D0006092D /* CaptureSession.swift */ = {isa = PBXFileReference; lastKnownFileType = sourcecode.swift; path = CaptureSession.swift; sourceTree = "<group>"; };
		48EFEB88226D12FD0006092D /* AVPreviewLayer.swift */ = {isa = PBXFileReference; lastKnownFileType = sourcecode.swift; path = AVPreviewLayer.swift; sourceTree = "<group>"; };
		48EFEB8A226D14AE0006092D /* ScannerViewController.swift */ = {isa = PBXFileReference; lastKnownFileType = sourcecode.swift; path = ScannerViewController.swift; sourceTree = "<group>"; };
		48F1B5C1226980F700B53E11 /* basketballCourtInfo.json */ = {isa = PBXFileReference; lastKnownFileType = text.json; path = basketballCourtInfo.json; sourceTree = "<group>"; };
		48F1B5C32269812500B53E11 /* handballCourtInfo.json */ = {isa = PBXFileReference; lastKnownFileType = text.json; path = handballCourtInfo.json; sourceTree = "<group>"; };
		48F1B5C5226989DB00B53E11 /* MapViewPopupController.swift */ = {isa = PBXFileReference; lastKnownFileType = sourcecode.swift; path = MapViewPopupController.swift; sourceTree = "<group>"; };
		48F1B5C6226989DB00B53E11 /* MapViewPopupController.xib */ = {isa = PBXFileReference; lastKnownFileType = file.xib; path = MapViewPopupController.xib; sourceTree = "<group>"; };
		647649F00844096F9E907D7A /* Pods_Elite.framework */ = {isa = PBXFileReference; explicitFileType = wrapper.framework; includeInIndex = 0; path = Pods_Elite.framework; sourceTree = BUILT_PRODUCTS_DIR; };
		AA2B205210B3DCCE14EFD090 /* Pods-Elite.release.xcconfig */ = {isa = PBXFileReference; includeInIndex = 1; lastKnownFileType = text.xcconfig; name = "Pods-Elite.release.xcconfig"; path = "Target Support Files/Pods-Elite/Pods-Elite.release.xcconfig"; sourceTree = "<group>"; };
		BFADB58B22553FB200E746B5 /* Elite.app */ = {isa = PBXFileReference; explicitFileType = wrapper.application; includeInIndex = 0; path = Elite.app; sourceTree = BUILT_PRODUCTS_DIR; };
		BFADB58E22553FB200E746B5 /* AppDelegate.swift */ = {isa = PBXFileReference; lastKnownFileType = sourcecode.swift; path = AppDelegate.swift; sourceTree = "<group>"; };
		BFADB59522553FB300E746B5 /* Assets.xcassets */ = {isa = PBXFileReference; lastKnownFileType = folder.assetcatalog; path = Assets.xcassets; sourceTree = "<group>"; };
		BFADB59822553FB300E746B5 /* Base */ = {isa = PBXFileReference; lastKnownFileType = file.storyboard; name = Base; path = Base.lproj/LaunchScreen.storyboard; sourceTree = "<group>"; };
		BFADB59A22553FB300E746B5 /* Info.plist */ = {isa = PBXFileReference; lastKnownFileType = text.plist.xml; path = Info.plist; sourceTree = "<group>"; };
		BFADB5A4225544EA00E746B5 /* GoogleService-Info.plist */ = {isa = PBXFileReference; fileEncoding = 4; lastKnownFileType = text.plist.xml; path = "GoogleService-Info.plist"; sourceTree = "<group>"; };
		BFED970E225E6E2900CC360B /* EloRankMethods.swift */ = {isa = PBXFileReference; lastKnownFileType = sourcecode.swift; path = EloRankMethods.swift; sourceTree = "<group>"; };
		D521086D225E95540044C440 /* UserFeedCell.xib */ = {isa = PBXFileReference; fileEncoding = 4; lastKnownFileType = file.xib; path = UserFeedCell.xib; sourceTree = "<group>"; };
		D521086E225E95540044C440 /* UserFeedCell.swift */ = {isa = PBXFileReference; fileEncoding = 4; lastKnownFileType = sourcecode.swift; path = UserFeedCell.swift; sourceTree = "<group>"; };
		D5210871225E956B0044C440 /* FiveVsFiveFeedCell.swift */ = {isa = PBXFileReference; fileEncoding = 4; lastKnownFileType = sourcecode.swift; path = FiveVsFiveFeedCell.swift; sourceTree = "<group>"; };
		D5210872225E956B0044C440 /* FiveVsFiveFeedCell.xib */ = {isa = PBXFileReference; fileEncoding = 4; lastKnownFileType = file.xib; path = FiveVsFiveFeedCell.xib; sourceTree = "<group>"; };
		D5210877225E95A60044C440 /* TwoVsTwoFeedCell.xib */ = {isa = PBXFileReference; fileEncoding = 4; lastKnownFileType = file.xib; path = TwoVsTwoFeedCell.xib; sourceTree = "<group>"; };
		D5210878225E95A60044C440 /* TwoVsTwoFeedCell.swift */ = {isa = PBXFileReference; fileEncoding = 4; lastKnownFileType = sourcecode.swift; path = TwoVsTwoFeedCell.swift; sourceTree = "<group>"; };
		D521087B225E95E20044C440 /* FeedView.xib */ = {isa = PBXFileReference; fileEncoding = 4; lastKnownFileType = file.xib; path = FeedView.xib; sourceTree = "<group>"; };
		D521087C225E95E20044C440 /* FeedHeaderView.swift */ = {isa = PBXFileReference; fileEncoding = 4; lastKnownFileType = sourcecode.swift; path = FeedHeaderView.swift; sourceTree = "<group>"; };
		D521087F225E960A0044C440 /* FeedCellTableViewCell.swift */ = {isa = PBXFileReference; fileEncoding = 4; lastKnownFileType = sourcecode.swift; path = FeedCellTableViewCell.swift; sourceTree = "<group>"; };
		D5210880225E960A0044C440 /* FeedCell.xib */ = {isa = PBXFileReference; fileEncoding = 4; lastKnownFileType = file.xib; path = FeedCell.xib; sourceTree = "<group>"; };
		D5210883225EB3D20044C440 /* ParkInfoCell.swift */ = {isa = PBXFileReference; lastKnownFileType = sourcecode.swift; path = ParkInfoCell.swift; sourceTree = "<group>"; };
		D5210884225EB3D20044C440 /* ParkInfoCell.xib */ = {isa = PBXFileReference; lastKnownFileType = file.xib; path = ParkInfoCell.xib; sourceTree = "<group>"; };
		D56FE69D2262B28800A5553E /* MainTimer.swift */ = {isa = PBXFileReference; lastKnownFileType = sourcecode.swift; path = MainTimer.swift; sourceTree = "<group>"; };
		D5B304532264EDF800404241 /* Invitation.swift */ = {isa = PBXFileReference; lastKnownFileType = sourcecode.swift; path = Invitation.swift; sourceTree = "<group>"; };
		D5B304552265224D00404241 /* DBService+Message.swift */ = {isa = PBXFileReference; lastKnownFileType = sourcecode.swift; path = "DBService+Message.swift"; sourceTree = "<group>"; };
		D5B304572266792200404241 /* QrCodeViewController.swift */ = {isa = PBXFileReference; lastKnownFileType = sourcecode.swift; path = QrCodeViewController.swift; sourceTree = "<group>"; };
		D5B304582266792200404241 /* QrCodeViewController.xib */ = {isa = PBXFileReference; lastKnownFileType = file.xib; path = QrCodeViewController.xib; sourceTree = "<group>"; };
		D5B3045B22677A7F00404241 /* InvitationAlertViewController.swift */ = {isa = PBXFileReference; lastKnownFileType = sourcecode.swift; path = InvitationAlertViewController.swift; sourceTree = "<group>"; };
		D5B3045C22677A7F00404241 /* InvitationAlertViewController.xib */ = {isa = PBXFileReference; lastKnownFileType = file.xib; path = InvitationAlertViewController.xib; sourceTree = "<group>"; };
		D5B3045F2267BDCB00404241 /* InvitationListener.swift */ = {isa = PBXFileReference; lastKnownFileType = sourcecode.swift; path = InvitationListener.swift; sourceTree = "<group>"; };
		D5B4F56A2270B4C50081FCF0 /* CurrentGame.swift */ = {isa = PBXFileReference; lastKnownFileType = sourcecode.swift; path = CurrentGame.swift; sourceTree = "<group>"; };
		D5B4F56C2270BD0D0081FCF0 /* DBService+CurrentGame.swift */ = {isa = PBXFileReference; lastKnownFileType = sourcecode.swift; path = "DBService+CurrentGame.swift"; sourceTree = "<group>"; };
		D5B4F56E2271EB8B0081FCF0 /* Flag.swift */ = {isa = PBXFileReference; lastKnownFileType = sourcecode.swift; path = Flag.swift; sourceTree = "<group>"; };
		D5B57D402262698400DB73E2 /* OneVsOneProgressViewController.swift */ = {isa = PBXFileReference; lastKnownFileType = sourcecode.swift; path = OneVsOneProgressViewController.swift; sourceTree = "<group>"; };
		D5B57D412262698400DB73E2 /* OneVsOneProgressViewController.xib */ = {isa = PBXFileReference; lastKnownFileType = file.xib; path = OneVsOneProgressViewController.xib; sourceTree = "<group>"; };
		D5BCBBF8226F7FBD006B0015 /* TwoVsTwoProgressViewController.swift */ = {isa = PBXFileReference; lastKnownFileType = sourcecode.swift; path = TwoVsTwoProgressViewController.swift; sourceTree = "<group>"; };
		D5BCBBF9226F7FBD006B0015 /* TwoVsTwoProgressViewController.xib */ = {isa = PBXFileReference; lastKnownFileType = file.xib; path = TwoVsTwoProgressViewController.xib; sourceTree = "<group>"; };
		D5D375B7226A4A9000F25FCF /* DBService+WinnerConfirmation.swift */ = {isa = PBXFileReference; lastKnownFileType = sourcecode.swift; path = "DBService+WinnerConfirmation.swift"; sourceTree = "<group>"; };
		D5D375BB226A6D3900F25FCF /* WinnerViewController.swift */ = {isa = PBXFileReference; lastKnownFileType = sourcecode.swift; path = WinnerViewController.swift; sourceTree = "<group>"; };
		D5D375BC226A6D3900F25FCF /* WinnerViewController.xib */ = {isa = PBXFileReference; lastKnownFileType = file.xib; path = WinnerViewController.xib; sourceTree = "<group>"; };
		D5DE77EF225FF61200439407 /* SearchPlayerViewController.swift */ = {isa = PBXFileReference; lastKnownFileType = sourcecode.swift; path = SearchPlayerViewController.swift; sourceTree = "<group>"; };
		D5DE77F0225FF61200439407 /* SearchPlayerViewController.xib */ = {isa = PBXFileReference; lastKnownFileType = file.xib; path = SearchPlayerViewController.xib; sourceTree = "<group>"; };
		D5DF86B122692CBB00E2972A /* WinnerConfirmation.swift */ = {isa = PBXFileReference; lastKnownFileType = sourcecode.swift; path = WinnerConfirmation.swift; sourceTree = "<group>"; };
		D5DF86B322692FFC00E2972A /* CurrentPlayer.swift */ = {isa = PBXFileReference; lastKnownFileType = sourcecode.swift; path = CurrentPlayer.swift; sourceTree = "<group>"; };
		D5DF86B5226936D300E2972A /* TeamRoles.swift */ = {isa = PBXFileReference; lastKnownFileType = sourcecode.swift; name = TeamRoles.swift; path = ../Models/TeamRoles.swift; sourceTree = "<group>"; };
		D5DF86B7226945E200E2972A /* DBService+CurrentPlayer.swift */ = {isa = PBXFileReference; lastKnownFileType = sourcecode.swift; path = "DBService+CurrentPlayer.swift"; sourceTree = "<group>"; };
		D5DF86B922694C9E00E2972A /* Teams.swift */ = {isa = PBXFileReference; lastKnownFileType = sourcecode.swift; path = Teams.swift; sourceTree = "<group>"; };
		D5DF86BB226A217300E2972A /* GameType.swift */ = {isa = PBXFileReference; lastKnownFileType = sourcecode.swift; path = GameType.swift; sourceTree = "<group>"; };
		D5DF86BD226A21B100E2972A /* GameName.swift */ = {isa = PBXFileReference; lastKnownFileType = sourcecode.swift; path = GameName.swift; sourceTree = "<group>"; };
		D5EFCBF92263DD6A00D3C2E7 /* BoroughCollectionViewCell.swift */ = {isa = PBXFileReference; lastKnownFileType = sourcecode.swift; path = BoroughCollectionViewCell.swift; sourceTree = "<group>"; };
		D5EFCBFA2263DD6A00D3C2E7 /* BoroughCollectionViewCell.xib */ = {isa = PBXFileReference; lastKnownFileType = file.xib; path = BoroughCollectionViewCell.xib; sourceTree = "<group>"; };
		D5EFCBFD2264000700D3C2E7 /* LeaderboardCell.swift */ = {isa = PBXFileReference; lastKnownFileType = sourcecode.swift; path = LeaderboardCell.swift; sourceTree = "<group>"; };
		D5EFCBFE2264000700D3C2E7 /* LeaderboardCell.xib */ = {isa = PBXFileReference; lastKnownFileType = file.xib; path = LeaderboardCell.xib; sourceTree = "<group>"; };
		D5F5454E2268DE6C00DB05F0 /* EndGameViewController.swift */ = {isa = PBXFileReference; lastKnownFileType = sourcecode.swift; path = EndGameViewController.swift; sourceTree = "<group>"; };
		D5F5454F2268DE6C00DB05F0 /* EndGameViewController.xib */ = {isa = PBXFileReference; lastKnownFileType = file.xib; path = EndGameViewController.xib; sourceTree = "<group>"; };
		F84EED13AF1CC6349F726937 /* Pods-Elite.debug.xcconfig */ = {isa = PBXFileReference; includeInIndex = 1; lastKnownFileType = text.xcconfig; name = "Pods-Elite.debug.xcconfig"; path = "Target Support Files/Pods-Elite/Pods-Elite.debug.xcconfig"; sourceTree = "<group>"; };
/* End PBXFileReference section */

/* Begin PBXFrameworksBuildPhase section */
		BFADB58822553FB200E746B5 /* Frameworks */ = {
			isa = PBXFrameworksBuildPhase;
			buildActionMask = 2147483647;
			files = (
				4651EF13D0643CF9E55F05B3 /* Pods_Elite.framework in Frameworks */,
			);
			runOnlyForDeploymentPostprocessing = 0;
		};
/* End PBXFrameworksBuildPhase section */

/* Begin PBXGroup section */
		2E9FE65922557AD7004CA00B /* Controllers */ = {
			isa = PBXGroup;
			children = (
				2EC6D563225E939900336362 /* Cells */,
				2EC6D552225E795600336362 /* Players View Controllers */,
				2EF4808322565049008212DC /* Game View Controllers  */,
				2EF4808222565037008212DC /* Map View Controllers */,
				2EF4808C22565158008212DC /* Leaderboard View Controller */,
				2E9FE65A22557B0F004CA00B /* Account Login View Controllers */,
				2E9FE65B22557B50004CA00B /* Profile View Controllers */,
			);
			path = Controllers;
			sourceTree = "<group>";
		};
		2E9FE65A22557B0F004CA00B /* Account Login View Controllers */ = {
			isa = PBXGroup;
			children = (
				2E9FE65722557AC4004CA00B /* LoginViewController.swift */,
				2E9FE655225579E5004CA00B /* CreateAccountViewController.swift */,
			);
			path = "Account Login View Controllers";
			sourceTree = "<group>";
		};
		2E9FE65B22557B50004CA00B /* Profile View Controllers */ = {
			isa = PBXGroup;
			children = (
				2E381EAE22613A1E0075C1CD /* ProfileViewController.swift */,
				2E381EAF22613A1E0075C1CD /* ProfileViewController.xib */,
				2E9FE65E22557BC6004CA00B /* EditProfileViewController.swift */,
				2EF4809B22565A73008212DC /* SnapchatLoginViewController.swift */,
				2ECA1BCE2270C336006348B3 /* FacebookLoginViewController.swift */,
			);
			path = "Profile View Controllers";
			sourceTree = "<group>";
		};
		2E9FE66022557C6E004CA00B /* Utilities */ = {
			isa = PBXGroup;
			children = (
				2E9FE66322557D02004CA00B /* IBADesignableViews.swift */,
				D5DF86B5226936D300E2972A /* TeamRoles.swift */,
				2E9FE66122557CE6004CA00B /* Constants.swift */,
				48D5C827225D430700AFDE8F /* AppError.swift */,
				BFED970E225E6E2900CC360B /* EloRankMethods.swift */,
				D56FE69D2262B28800A5553E /* MainTimer.swift */,
				D5B3045F2267BDCB00404241 /* InvitationListener.swift */,
				D5DF86B922694C9E00E2972A /* Teams.swift */,
				D5DF86BB226A217300E2972A /* GameType.swift */,
				D5DF86BD226A21B100E2972A /* GameName.swift */,
				D5B4F56E2271EB8B0081FCF0 /* Flag.swift */,
			);
			path = Utilities;
			sourceTree = "<group>";
		};
		2E9FE66522557D83004CA00B /* Extensions */ = {
			isa = PBXGroup;
			children = (
				2E9FE66622557DB6004CA00B /* UIViewController Extensions */,
				2E9FE66D22557EB9004CA00B /* Date Extensions */,
				48EFEB84226D0F660006092D /* AVCaptureVideoOrientation+Orientations.swift */,
			);
			path = Extensions;
			sourceTree = "<group>";
		};
		2E9FE66622557DB6004CA00B /* UIViewController Extensions */ = {
			isa = PBXGroup;
			children = (
				2E9FE66722557DF4004CA00B /* UIViewController+Navigation.swift */,
				2E9FE66922557E23004CA00B /* UIViewController+Alert.swift */,
			);
			path = "UIViewController Extensions";
			sourceTree = "<group>";
		};
		2E9FE66D22557EB9004CA00B /* Date Extensions */ = {
			isa = PBXGroup;
			children = (
				2E9FE66E22557EE8004CA00B /* Date+Extensions.swift */,
				2E9FE67022557F02004CA00B /* String+Date.swift */,
			);
			path = "Date Extensions";
			sourceTree = "<group>";
		};
		2E9FE6722255803C004CA00B /* Firebase Helpers */ = {
			isa = PBXGroup;
			children = (
				2E9FE6732255806E004CA00B /* AuthService.swift */,
				2E9FE67522558164004CA00B /* StorageService.swift */,
				2E9FE67722558191004CA00B /* DBService.swift */,
				2E9FE67B2255820A004CA00B /* DBService+Game.swift */,
				2E9FE679225581E4004CA00B /* DBService+Gamer.swift */,
				2E171B91225BA61000D40DDF /* DBService+Playground.swift */,
				2E171B93225BA62900D40DDF /* DBService+Wins.swift */,
				2ECFC94E2264E20A00BD6A53 /* DBService+ParkEloInfo.swift */,
				D5B304552265224D00404241 /* DBService+Message.swift */,
				D5DF86B7226945E200E2972A /* DBService+CurrentPlayer.swift */,
				D5D375B7226A4A9000F25FCF /* DBService+WinnerConfirmation.swift */,
				D5B4F56C2270BD0D0081FCF0 /* DBService+CurrentGame.swift */,
			);
			path = "Firebase Helpers";
			sourceTree = "<group>";
		};
		2E9FE67D22558251004CA00B /* Storyboards */ = {
			isa = PBXGroup;
			children = (
				2E9FE67E22558282004CA00B /* LoginView.storyboard */,
			);
			path = Storyboards;
			sourceTree = "<group>";
		};
		2EC6D54F225D30C400336362 /* APIClients */ = {
			isa = PBXGroup;
			children = (
				2EC6D550225D310700336362 /* DummyFile.swift */,
				48D5C81F225D320900AFDE8F /* GeocodingClient.swift */,
				48D5C821225D325F00AFDE8F /* GeolocationClient.swift */,
				48D5C823225D328A00AFDE8F /* JsonParkDataClient.swift */,
				48D5C825225D33A000AFDE8F /* PrivateInfoFile.swift */,
			);
			path = APIClients;
			sourceTree = "<group>";
		};
		2EC6D552225E795600336362 /* Players View Controllers */ = {
			isa = PBXGroup;
			children = (
				2EC6D553225E799F00336362 /* OneVsOneViewController.swift */,
				2EC6D554225E799F00336362 /* OneVsOneViewController.xib */,
				2EC6D557225E79B300336362 /* TwoVsTwoViewController.swift */,
				2EC6D558225E79B300336362 /* TwoVsTwoViewController.xib */,
				2EC6D55B225E79CB00336362 /* FiveVsFiveViewController.swift */,
				2EC6D55C225E79CB00336362 /* FiveVsFiveViewController.xib */,
				2EC6D570225E9BCB00336362 /* UserFeedTableViewController.swift */,
				2EC6D571225E9BCB00336362 /* UserFeedTableViewController.xib */,
				D5DE77EF225FF61200439407 /* SearchPlayerViewController.swift */,
				D5DE77F0225FF61200439407 /* SearchPlayerViewController.xib */,
				D5B57D402262698400DB73E2 /* OneVsOneProgressViewController.swift */,
				D5B57D412262698400DB73E2 /* OneVsOneProgressViewController.xib */,
				D5F5454E2268DE6C00DB05F0 /* EndGameViewController.swift */,
				D5F5454F2268DE6C00DB05F0 /* EndGameViewController.xib */,
				D5B3045B22677A7F00404241 /* InvitationAlertViewController.swift */,
				D5B3045C22677A7F00404241 /* InvitationAlertViewController.xib */,
				D5D375BB226A6D3900F25FCF /* WinnerViewController.swift */,
				D5D375BC226A6D3900F25FCF /* WinnerViewController.xib */,
				D5BCBBF8226F7FBD006B0015 /* TwoVsTwoProgressViewController.swift */,
				D5BCBBF9226F7FBD006B0015 /* TwoVsTwoProgressViewController.xib */,
			);
			path = "Players View Controllers";
			sourceTree = "<group>";
		};
		2EC6D563225E939900336362 /* Cells */ = {
			isa = PBXGroup;
			children = (
				D521086E225E95540044C440 /* UserFeedCell.swift */,
				D521086D225E95540044C440 /* UserFeedCell.xib */,
				D5210880225E960A0044C440 /* FeedCell.xib */,
				D521087F225E960A0044C440 /* FeedCellTableViewCell.swift */,
				D5210878225E95A60044C440 /* TwoVsTwoFeedCell.swift */,
				D5210877225E95A60044C440 /* TwoVsTwoFeedCell.xib */,
				D5210871225E956B0044C440 /* FiveVsFiveFeedCell.swift */,
				D5210872225E956B0044C440 /* FiveVsFiveFeedCell.xib */,
				D521087C225E95E20044C440 /* FeedHeaderView.swift */,
				D521087B225E95E20044C440 /* FeedView.xib */,
				D5EFCBF92263DD6A00D3C2E7 /* BoroughCollectionViewCell.swift */,
				D5EFCBFA2263DD6A00D3C2E7 /* BoroughCollectionViewCell.xib */,
				D5EFCBFD2264000700D3C2E7 /* LeaderboardCell.swift */,
				D5EFCBFE2264000700D3C2E7 /* LeaderboardCell.xib */,
			);
			path = Cells;
			sourceTree = "<group>";
		};
		2EF4808222565037008212DC /* Map View Controllers */ = {
			isa = PBXGroup;
			children = (
				2E171B95225CF86C00D40DDF /* MapViewController.swift */,
				2E171B96225CF86C00D40DDF /* MapViewController.xib */,
				48F1B5C5226989DB00B53E11 /* MapViewPopupController.swift */,
				48F1B5C6226989DB00B53E11 /* MapViewPopupController.xib */,
			);
			path = "Map View Controllers";
			sourceTree = "<group>";
		};
		2EF4808322565049008212DC /* Game View Controllers  */ = {
			isa = PBXGroup;
			children = (
				2E171BA1225CF93100D40DDF /* CreateGameViewController.swift */,
				2E171BA2225CF93100D40DDF /* CreateGameViewController.xib */,
				2EC6D55F225E7A0B00336362 /* ParkListViewController.swift */,
				D5210883225EB3D20044C440 /* ParkInfoCell.swift */,
				D5210884225EB3D20044C440 /* ParkInfoCell.xib */,
				2EC6D560225E7A0B00336362 /* ParkListViewController.xib */,
				2EC6D56C225E9B5D00336362 /* FeedTableViewController.swift */,
				2EC6D56D225E9B5D00336362 /* FeedTableViewController.xib */,
				D5B304572266792200404241 /* QrCodeViewController.swift */,
				D5B304582266792200404241 /* QrCodeViewController.xib */,
				48EFEB8A226D14AE0006092D /* ScannerViewController.swift */,
			);
			path = "Game View Controllers ";
			sourceTree = "<group>";
		};
		2EF4808C22565158008212DC /* Leaderboard View Controller */ = {
			isa = PBXGroup;
			children = (
				2E171B9D225CF90700D40DDF /* LeaderboardViewController.swift */,
				2E171B9E225CF90700D40DDF /* LeaderboardViewController.xib */,
			);
			path = "Leaderboard View Controller";
			sourceTree = "<group>";
		};
		2EF4808F225651DF008212DC /* Views */ = {
			isa = PBXGroup;
			children = (
				2E381E9E2260F31D0075C1CD /* GamePostView.swift */,
				2E381EA22260F3980075C1CD /* AchievementsView.swift */,
				2E381EA62260F3BC0075C1CD /* FriendListView.swift */,
				48EFEB82226D0B450006092D /* AVCapturePreviewView.swift */,
				48EFEB88226D12FD0006092D /* AVPreviewLayer.swift */,
			);
			path = Views;
			sourceTree = "<group>";
		};
		2EF48090225651E9008212DC /* Models */ = {
			isa = PBXGroup;
			children = (
				2EF4809122565216008212DC /* GameModel.swift */,
				2EF4809322565227008212DC /* GamerModel.swift */,
				2EF4809F2256BE38008212DC /* PlaygroundModel.swift */,
				2EF480A12256BE69008212DC /* WinsModel.swift */,
				48D5C819225D20F700AFDE8F /* GeocodingData.swift */,
				48D5C81B225D213B00AFDE8F /* GeolocationData.swift */,
				48D5C81D225D216400AFDE8F /* JsonParkData.swift */,
				48DB1A672260FB6200C7CEAC /* AllNYCParkInfo.swift */,
				2ECFC94C2264DDB900BD6A53 /* ParkEloInfoModel.swift */,
				D5B304532264EDF800404241 /* Invitation.swift */,
				D5DF86B322692FFC00E2972A /* CurrentPlayer.swift */,
				D5B4F56A2270B4C50081FCF0 /* CurrentGame.swift */,
				D5DF86B122692CBB00E2972A /* WinnerConfirmation.swift */,
				48EFEB86226D122D0006092D /* CaptureSession.swift */,
			);
			path = Models;
			sourceTree = "<group>";
		};
		482B263F225F918D006F31BB /* Recovered References */ = {
			isa = PBXGroup;
			children = (
				2E171BA9225D011800D40DDF /* JsonModel.json */,
				2E171BA6225CF95100D40DDF /* FeedTableViewController.xib */,
			);
			name = "Recovered References";
			sourceTree = "<group>";
		};
		7F7357D47953A43F01A032E3 /* Frameworks */ = {
			isa = PBXGroup;
			children = (
				647649F00844096F9E907D7A /* Pods_Elite.framework */,
			);
			name = Frameworks;
			sourceTree = "<group>";
		};
		9E744B84D7F8198F6AF506F3 /* Pods */ = {
			isa = PBXGroup;
			children = (
				F84EED13AF1CC6349F726937 /* Pods-Elite.debug.xcconfig */,
				AA2B205210B3DCCE14EFD090 /* Pods-Elite.release.xcconfig */,
			);
			path = Pods;
			sourceTree = "<group>";
		};
		BFADB58222553FB200E746B5 = {
			isa = PBXGroup;
			children = (
				BFADB58D22553FB200E746B5 /* Elite */,
				BFADB58C22553FB200E746B5 /* Products */,
				9E744B84D7F8198F6AF506F3 /* Pods */,
				7F7357D47953A43F01A032E3 /* Frameworks */,
				482B263F225F918D006F31BB /* Recovered References */,
			);
			sourceTree = "<group>";
		};
		BFADB58C22553FB200E746B5 /* Products */ = {
			isa = PBXGroup;
			children = (
				BFADB58B22553FB200E746B5 /* Elite.app */,
			);
			name = Products;
			sourceTree = "<group>";
		};
		BFADB58D22553FB200E746B5 /* Elite */ = {
			isa = PBXGroup;
			children = (
				BFADB58E22553FB200E746B5 /* AppDelegate.swift */,
				2E9FE66B22557E8C004CA00B /* TabBarViewController.swift */,
				48980A4C225E346B0034D04F /* JsonModel.json */,
				BFADB59522553FB300E746B5 /* Assets.xcassets */,
				BFADB59722553FB300E746B5 /* LaunchScreen.storyboard */,
				BFADB5A4225544EA00E746B5 /* GoogleService-Info.plist */,
				BFADB59A22553FB300E746B5 /* Info.plist */,
				2EC6D54F225D30C400336362 /* APIClients */,
				2E9FE65922557AD7004CA00B /* Controllers */,
				2EF48090225651E9008212DC /* Models */,
				2EF4808F225651DF008212DC /* Views */,
				2E9FE6722255803C004CA00B /* Firebase Helpers */,
				2E9FE66522557D83004CA00B /* Extensions */,
				2E9FE66022557C6E004CA00B /* Utilities */,
				2E9FE67D22558251004CA00B /* Storyboards */,
				48DB1A632260F28300C7CEAC /* AllInfoForBasketBallCourts.json */,
				48DB1A652260F72500C7CEAC /* AllInfoForHandballCourts.json */,
				48F1B5C1226980F700B53E11 /* basketballCourtInfo.json */,
				48F1B5C32269812500B53E11 /* handballCourtInfo.json */,
			);
			path = Elite;
			sourceTree = "<group>";
		};
/* End PBXGroup section */

/* Begin PBXNativeTarget section */
		BFADB58A22553FB200E746B5 /* Elite */ = {
			isa = PBXNativeTarget;
			buildConfigurationList = BFADB59D22553FB300E746B5 /* Build configuration list for PBXNativeTarget "Elite" */;
			buildPhases = (
				216C8E730A64A57FB0739263 /* [CP] Check Pods Manifest.lock */,
				BFADB58722553FB200E746B5 /* Sources */,
				BFADB58822553FB200E746B5 /* Frameworks */,
				BFADB58922553FB200E746B5 /* Resources */,
				39ABBA028FA9B9BA15CD02CA /* [CP] Embed Pods Frameworks */,
				01814881A17366E2F31BC6E6 /* [CP] Copy Pods Resources */,
			);
			buildRules = (
			);
			dependencies = (
			);
			name = Elite;
			productName = Elite;
			productReference = BFADB58B22553FB200E746B5 /* Elite.app */;
			productType = "com.apple.product-type.application";
		};
/* End PBXNativeTarget section */

/* Begin PBXProject section */
		BFADB58322553FB200E746B5 /* Project object */ = {
			isa = PBXProject;
			attributes = {
				LastSwiftUpdateCheck = 1020;
				LastUpgradeCheck = 1020;
				ORGANIZATIONNAME = "Pritesh Nadiadhara";
				TargetAttributes = {
					BFADB58A22553FB200E746B5 = {
						CreatedOnToolsVersion = 10.2;
					};
				};
			};
			buildConfigurationList = BFADB58622553FB200E746B5 /* Build configuration list for PBXProject "Elite" */;
			compatibilityVersion = "Xcode 9.3";
			developmentRegion = en;
			hasScannedForEncodings = 0;
			knownRegions = (
				en,
				Base,
			);
			mainGroup = BFADB58222553FB200E746B5;
			productRefGroup = BFADB58C22553FB200E746B5 /* Products */;
			projectDirPath = "";
			projectRoot = "";
			targets = (
				BFADB58A22553FB200E746B5 /* Elite */,
			);
		};
/* End PBXProject section */

/* Begin PBXResourcesBuildPhase section */
		BFADB58922553FB200E746B5 /* Resources */ = {
			isa = PBXResourcesBuildPhase;
			buildActionMask = 2147483647;
			files = (
				D5F545512268DE6C00DB05F0 /* EndGameViewController.xib in Resources */,
				2E171BA0225CF90700D40DDF /* LeaderboardViewController.xib in Resources */,
				BFADB59922553FB300E746B5 /* LaunchScreen.storyboard in Resources */,
				2EC6D56F225E9B5D00336362 /* FeedTableViewController.xib in Resources */,
				D5EFCC002264000700D3C2E7 /* LeaderboardCell.xib in Resources */,
				48F1B5C42269812500B53E11 /* handballCourtInfo.json in Resources */,
				D5210879225E95A70044C440 /* TwoVsTwoFeedCell.xib in Resources */,
				D5B57D432262698400DB73E2 /* OneVsOneProgressViewController.xib in Resources */,
				D5D375BE226A6D3900F25FCF /* WinnerViewController.xib in Resources */,
				2EC6D55A225E79B300336362 /* TwoVsTwoViewController.xib in Resources */,
				D521086F225E95540044C440 /* UserFeedCell.xib in Resources */,
				2EC6D556225E799F00336362 /* OneVsOneViewController.xib in Resources */,
				2EC6D55E225E79CB00336362 /* FiveVsFiveViewController.xib in Resources */,
				D5210882225E960B0044C440 /* FeedCell.xib in Resources */,
				D5210874225E956B0044C440 /* FiveVsFiveFeedCell.xib in Resources */,
				48980A4D225E346B0034D04F /* JsonModel.json in Resources */,
				D5EFCBFC2263DD6A00D3C2E7 /* BoroughCollectionViewCell.xib in Resources */,
				2E381EB122613A1E0075C1CD /* ProfileViewController.xib in Resources */,
				48F1B5C2226980F700B53E11 /* basketballCourtInfo.json in Resources */,
				D5BCBBFB226F7FBD006B0015 /* TwoVsTwoProgressViewController.xib in Resources */,
				BFADB5A5225544EA00E746B5 /* GoogleService-Info.plist in Resources */,
				D5DE77F2225FF61200439407 /* SearchPlayerViewController.xib in Resources */,
				BFADB59622553FB300E746B5 /* Assets.xcassets in Resources */,
				2E171B98225CF86C00D40DDF /* MapViewController.xib in Resources */,
				2E171BA4225CF93100D40DDF /* CreateGameViewController.xib in Resources */,
				D521087D225E95E20044C440 /* FeedView.xib in Resources */,
				2EC6D562225E7A0B00336362 /* ParkListViewController.xib in Resources */,
				D5B3045A2266792200404241 /* QrCodeViewController.xib in Resources */,
				D5210886225EB3D20044C440 /* ParkInfoCell.xib in Resources */,
				48F1B5C8226989DB00B53E11 /* MapViewPopupController.xib in Resources */,
				2EC6D573225E9BCB00336362 /* UserFeedTableViewController.xib in Resources */,
				D5B3045E22677A8000404241 /* InvitationAlertViewController.xib in Resources */,
				2E9FE67F22558282004CA00B /* LoginView.storyboard in Resources */,
			);
			runOnlyForDeploymentPostprocessing = 0;
		};
/* End PBXResourcesBuildPhase section */

/* Begin PBXShellScriptBuildPhase section */
		01814881A17366E2F31BC6E6 /* [CP] Copy Pods Resources */ = {
			isa = PBXShellScriptBuildPhase;
			buildActionMask = 2147483647;
			files = (
			);
			inputFileListPaths = (
			);
			inputPaths = (
				"${PODS_ROOT}/Target Support Files/Pods-Elite/Pods-Elite-resources.sh",
				"${PODS_ROOT}/GoogleMaps/Maps/Frameworks/GoogleMaps.framework/Resources/GoogleMaps.bundle",
				"${PODS_ROOT}/GooglePlaces/Frameworks/GooglePlaces.framework/Resources/GooglePlaces.bundle",
			);
			name = "[CP] Copy Pods Resources";
			outputFileListPaths = (
			);
			outputPaths = (
				"${TARGET_BUILD_DIR}/${UNLOCALIZED_RESOURCES_FOLDER_PATH}/GoogleMaps.bundle",
				"${TARGET_BUILD_DIR}/${UNLOCALIZED_RESOURCES_FOLDER_PATH}/GooglePlaces.bundle",
			);
			runOnlyForDeploymentPostprocessing = 0;
			shellPath = /bin/sh;
			shellScript = "\"${PODS_ROOT}/Target Support Files/Pods-Elite/Pods-Elite-resources.sh\"\n";
			showEnvVarsInLog = 0;
		};
		216C8E730A64A57FB0739263 /* [CP] Check Pods Manifest.lock */ = {
			isa = PBXShellScriptBuildPhase;
			buildActionMask = 2147483647;
			files = (
			);
			inputFileListPaths = (
			);
			inputPaths = (
				"${PODS_PODFILE_DIR_PATH}/Podfile.lock",
				"${PODS_ROOT}/Manifest.lock",
			);
			name = "[CP] Check Pods Manifest.lock";
			outputFileListPaths = (
			);
			outputPaths = (
				"$(DERIVED_FILE_DIR)/Pods-Elite-checkManifestLockResult.txt",
			);
			runOnlyForDeploymentPostprocessing = 0;
			shellPath = /bin/sh;
			shellScript = "diff \"${PODS_PODFILE_DIR_PATH}/Podfile.lock\" \"${PODS_ROOT}/Manifest.lock\" > /dev/null\nif [ $? != 0 ] ; then\n    # print error to STDERR\n    echo \"error: The sandbox is not in sync with the Podfile.lock. Run 'pod install' or update your CocoaPods installation.\" >&2\n    exit 1\nfi\n# This output is used by Xcode 'outputs' to avoid re-running this script phase.\necho \"SUCCESS\" > \"${SCRIPT_OUTPUT_FILE_0}\"\n";
			showEnvVarsInLog = 0;
		};
		39ABBA028FA9B9BA15CD02CA /* [CP] Embed Pods Frameworks */ = {
			isa = PBXShellScriptBuildPhase;
			buildActionMask = 2147483647;
			files = (
			);
			inputFileListPaths = (
			);
			inputPaths = (
				"${PODS_ROOT}/Target Support Files/Pods-Elite/Pods-Elite-frameworks.sh",
				"${BUILT_PRODUCTS_DIR}/Bolts/Bolts.framework",
				"${BUILT_PRODUCTS_DIR}/BoringSSL-GRPC/openssl_grpc.framework",
				"${BUILT_PRODUCTS_DIR}/FBSDKCoreKit/FBSDKCoreKit.framework",
				"${BUILT_PRODUCTS_DIR}/FBSDKLoginKit/FBSDKLoginKit.framework",
				"${BUILT_PRODUCTS_DIR}/GTMSessionFetcher/GTMSessionFetcher.framework",
				"${BUILT_PRODUCTS_DIR}/GoogleUtilities/GoogleUtilities.framework",
				"${BUILT_PRODUCTS_DIR}/Kingfisher/Kingfisher.framework",
				"${BUILT_PRODUCTS_DIR}/PINCache/PINCache.framework",
				"${BUILT_PRODUCTS_DIR}/PINOperation/PINOperation.framework",
				"${BUILT_PRODUCTS_DIR}/Protobuf/Protobuf.framework",
				"${PODS_ROOT}/SnapSDK/SCSDKBitmojiKit.framework",
				"${PODS_ROOT}/SnapSDK/SCSDKCoreKit.framework",
				"${PODS_ROOT}/SnapSDK/SCSDKCreativeKit.framework",
				"${PODS_ROOT}/SnapSDK/SCSDKLoginKit.framework",
				"${BUILT_PRODUCTS_DIR}/gRPC-C++/grpcpp.framework",
				"${BUILT_PRODUCTS_DIR}/gRPC-Core/grpc.framework",
				"${BUILT_PRODUCTS_DIR}/leveldb-library/leveldb.framework",
				"${BUILT_PRODUCTS_DIR}/nanopb/nanopb.framework",
			);
			name = "[CP] Embed Pods Frameworks";
			outputFileListPaths = (
			);
			outputPaths = (
				"${TARGET_BUILD_DIR}/${FRAMEWORKS_FOLDER_PATH}/Bolts.framework",
				"${TARGET_BUILD_DIR}/${FRAMEWORKS_FOLDER_PATH}/openssl_grpc.framework",
				"${TARGET_BUILD_DIR}/${FRAMEWORKS_FOLDER_PATH}/FBSDKCoreKit.framework",
				"${TARGET_BUILD_DIR}/${FRAMEWORKS_FOLDER_PATH}/FBSDKLoginKit.framework",
				"${TARGET_BUILD_DIR}/${FRAMEWORKS_FOLDER_PATH}/GTMSessionFetcher.framework",
				"${TARGET_BUILD_DIR}/${FRAMEWORKS_FOLDER_PATH}/GoogleUtilities.framework",
				"${TARGET_BUILD_DIR}/${FRAMEWORKS_FOLDER_PATH}/Kingfisher.framework",
				"${TARGET_BUILD_DIR}/${FRAMEWORKS_FOLDER_PATH}/PINCache.framework",
				"${TARGET_BUILD_DIR}/${FRAMEWORKS_FOLDER_PATH}/PINOperation.framework",
				"${TARGET_BUILD_DIR}/${FRAMEWORKS_FOLDER_PATH}/Protobuf.framework",
				"${TARGET_BUILD_DIR}/${FRAMEWORKS_FOLDER_PATH}/SCSDKBitmojiKit.framework",
				"${TARGET_BUILD_DIR}/${FRAMEWORKS_FOLDER_PATH}/SCSDKCoreKit.framework",
				"${TARGET_BUILD_DIR}/${FRAMEWORKS_FOLDER_PATH}/SCSDKCreativeKit.framework",
				"${TARGET_BUILD_DIR}/${FRAMEWORKS_FOLDER_PATH}/SCSDKLoginKit.framework",
				"${TARGET_BUILD_DIR}/${FRAMEWORKS_FOLDER_PATH}/grpcpp.framework",
				"${TARGET_BUILD_DIR}/${FRAMEWORKS_FOLDER_PATH}/grpc.framework",
				"${TARGET_BUILD_DIR}/${FRAMEWORKS_FOLDER_PATH}/leveldb.framework",
				"${TARGET_BUILD_DIR}/${FRAMEWORKS_FOLDER_PATH}/nanopb.framework",
			);
			runOnlyForDeploymentPostprocessing = 0;
			shellPath = /bin/sh;
			shellScript = "\"${PODS_ROOT}/Target Support Files/Pods-Elite/Pods-Elite-frameworks.sh\"\n";
			showEnvVarsInLog = 0;
		};
/* End PBXShellScriptBuildPhase section */

/* Begin PBXSourcesBuildPhase section */
		BFADB58722553FB200E746B5 /* Sources */ = {
			isa = PBXSourcesBuildPhase;
			buildActionMask = 2147483647;
			files = (
				2EC6D561225E7A0B00336362 /* ParkListViewController.swift in Sources */,
				D5D375B8226A4A9000F25FCF /* DBService+WinnerConfirmation.swift in Sources */,
				D5B304542264EDF800404241 /* Invitation.swift in Sources */,
				48F1B5C7226989DB00B53E11 /* MapViewPopupController.swift in Sources */,
				D5B4F56D2270BD0D0081FCF0 /* DBService+CurrentGame.swift in Sources */,
				2E171B92225BA61000D40DDF /* DBService+Playground.swift in Sources */,
				2EF4809422565227008212DC /* GamerModel.swift in Sources */,
				2ECFC94F2264E20A00BD6A53 /* DBService+ParkEloInfo.swift in Sources */,
				2E9FE65822557AC4004CA00B /* LoginViewController.swift in Sources */,
				48EFEB87226D122D0006092D /* CaptureSession.swift in Sources */,
				48EFEB85226D0F660006092D /* AVCaptureVideoOrientation+Orientations.swift in Sources */,
				48DB1A682260FB6200C7CEAC /* AllNYCParkInfo.swift in Sources */,
				D5210870225E95540044C440 /* UserFeedCell.swift in Sources */,
				D5F545502268DE6C00DB05F0 /* EndGameViewController.swift in Sources */,
				2EC6D555225E799F00336362 /* OneVsOneViewController.swift in Sources */,
				48EFEB8B226D14AE0006092D /* ScannerViewController.swift in Sources */,
				2EF480A22256BE69008212DC /* WinsModel.swift in Sources */,
				2E171B94225BA62900D40DDF /* DBService+Wins.swift in Sources */,
				48D5C822225D325F00AFDE8F /* GeolocationClient.swift in Sources */,
				2E9FE67822558191004CA00B /* DBService.swift in Sources */,
				2E9FE656225579E5004CA00B /* CreateAccountViewController.swift in Sources */,
				2ECA1BCF2270C336006348B3 /* FacebookLoginViewController.swift in Sources */,
				48D5C824225D328A00AFDE8F /* JsonParkDataClient.swift in Sources */,
				48DB1A642260F28300C7CEAC /* AllInfoForBasketBallCourts.json in Sources */,
				2EC6D572225E9BCB00336362 /* UserFeedTableViewController.swift in Sources */,
				2E9FE67122557F02004CA00B /* String+Date.swift in Sources */,
				D5B304602267BDCB00404241 /* InvitationListener.swift in Sources */,
				2E9FE66C22557E8C004CA00B /* TabBarViewController.swift in Sources */,
				48D5C828225D430700AFDE8F /* AppError.swift in Sources */,
				D5DF86B6226936D300E2972A /* TeamRoles.swift in Sources */,
				D5DF86BC226A217300E2972A /* GameType.swift in Sources */,
				48D5C81E225D216400AFDE8F /* JsonParkData.swift in Sources */,
				2E171BA3225CF93100D40DDF /* CreateGameViewController.swift in Sources */,
				2ECFC94D2264DDB900BD6A53 /* ParkEloInfoModel.swift in Sources */,
				2E381EA72260F3BC0075C1CD /* FriendListView.swift in Sources */,
				D5D375BD226A6D3900F25FCF /* WinnerViewController.swift in Sources */,
				D5B57D422262698400DB73E2 /* OneVsOneProgressViewController.swift in Sources */,
				2E9FE65F22557BC6004CA00B /* EditProfileViewController.swift in Sources */,
				2EF4809222565216008212DC /* GameModel.swift in Sources */,
				2EC6D559225E79B300336362 /* TwoVsTwoViewController.swift in Sources */,
				D5DF86BE226A21B100E2972A /* GameName.swift in Sources */,
				D5B3045D22677A8000404241 /* InvitationAlertViewController.swift in Sources */,
				D56FE69E2262B28800A5553E /* MainTimer.swift in Sources */,
				2E381E9F2260F31D0075C1CD /* GamePostView.swift in Sources */,
				2E9FE66822557DF4004CA00B /* UIViewController+Navigation.swift in Sources */,
				2E9FE66F22557EE8004CA00B /* Date+Extensions.swift in Sources */,
				48EFEB83226D0B450006092D /* AVCapturePreviewView.swift in Sources */,
				2E171BAA225D011800D40DDF /* JsonModel.json in Sources */,
				2E171B9F225CF90700D40DDF /* LeaderboardViewController.swift in Sources */,
				2E9FE66422557D02004CA00B /* IBADesignableViews.swift in Sources */,
				2E381EA32260F3980075C1CD /* AchievementsView.swift in Sources */,
				D5EFCBFB2263DD6A00D3C2E7 /* BoroughCollectionViewCell.swift in Sources */,
				2E9FE66A22557E23004CA00B /* UIViewController+Alert.swift in Sources */,
				D5EFCBFF2264000700D3C2E7 /* LeaderboardCell.swift in Sources */,
				2EC6D56E225E9B5D00336362 /* FeedTableViewController.swift in Sources */,
				48EFEB89226D12FD0006092D /* AVPreviewLayer.swift in Sources */,
				2E9FE67622558164004CA00B /* StorageService.swift in Sources */,
				2E381EB022613A1E0075C1CD /* ProfileViewController.swift in Sources */,
				2EC6D551225D310700336362 /* DummyFile.swift in Sources */,
				2E9FE66222557CE6004CA00B /* Constants.swift in Sources */,
				D5B4F56F2271EB8B0081FCF0 /* Flag.swift in Sources */,
				D5DF86BA22694C9E00E2972A /* Teams.swift in Sources */,
				48D5C820225D320900AFDE8F /* GeocodingClient.swift in Sources */,
				2E171B97225CF86C00D40DDF /* MapViewController.swift in Sources */,
				BFADB58F22553FB200E746B5 /* AppDelegate.swift in Sources */,
				D5210881225E960B0044C440 /* FeedCellTableViewCell.swift in Sources */,
				D5DF86B222692CBB00E2972A /* WinnerConfirmation.swift in Sources */,
				48DB1A662260F72500C7CEAC /* AllInfoForHandballCourts.json in Sources */,
				2E9FE6742255806E004CA00B /* AuthService.swift in Sources */,
				D5BCBBFA226F7FBD006B0015 /* TwoVsTwoProgressViewController.swift in Sources */,
				2EF4809C22565A73008212DC /* SnapchatLoginViewController.swift in Sources */,
				48D5C826225D33A100AFDE8F /* PrivateInfoFile.swift in Sources */,
				2EF480A02256BE38008212DC /* PlaygroundModel.swift in Sources */,
				BFED970F225E6E2900CC360B /* EloRankMethods.swift in Sources */,
				D5210873225E956B0044C440 /* FiveVsFiveFeedCell.swift in Sources */,
				D5DF86B422692FFC00E2972A /* CurrentPlayer.swift in Sources */,
				2E9FE67A225581E4004CA00B /* DBService+Gamer.swift in Sources */,
				2E9FE67C2255820A004CA00B /* DBService+Game.swift in Sources */,
				2EC6D55D225E79CB00336362 /* FiveVsFiveViewController.swift in Sources */,
				D5B304592266792200404241 /* QrCodeViewController.swift in Sources */,
				D5DF86B8226945E200E2972A /* DBService+CurrentPlayer.swift in Sources */,
				D5DE77F1225FF61200439407 /* SearchPlayerViewController.swift in Sources */,
				48D5C81C225D213B00AFDE8F /* GeolocationData.swift in Sources */,
				D521087A225E95A70044C440 /* TwoVsTwoFeedCell.swift in Sources */,
				D5B4F56B2270B4C50081FCF0 /* CurrentGame.swift in Sources */,
				D521087E225E95E20044C440 /* FeedHeaderView.swift in Sources */,
				D5B304562265224D00404241 /* DBService+Message.swift in Sources */,
				D5210885225EB3D20044C440 /* ParkInfoCell.swift in Sources */,
				48D5C81A225D20F700AFDE8F /* GeocodingData.swift in Sources */,
			);
			runOnlyForDeploymentPostprocessing = 0;
		};
/* End PBXSourcesBuildPhase section */

/* Begin PBXVariantGroup section */
		BFADB59722553FB300E746B5 /* LaunchScreen.storyboard */ = {
			isa = PBXVariantGroup;
			children = (
				BFADB59822553FB300E746B5 /* Base */,
			);
			name = LaunchScreen.storyboard;
			sourceTree = "<group>";
		};
/* End PBXVariantGroup section */

/* Begin XCBuildConfiguration section */
		BFADB59B22553FB300E746B5 /* Debug */ = {
			isa = XCBuildConfiguration;
			buildSettings = {
				ALWAYS_SEARCH_USER_PATHS = NO;
				CLANG_ANALYZER_NONNULL = YES;
				CLANG_ANALYZER_NUMBER_OBJECT_CONVERSION = YES_AGGRESSIVE;
				CLANG_CXX_LANGUAGE_STANDARD = "gnu++14";
				CLANG_CXX_LIBRARY = "libc++";
				CLANG_ENABLE_MODULES = YES;
				CLANG_ENABLE_OBJC_ARC = YES;
				CLANG_ENABLE_OBJC_WEAK = YES;
				CLANG_WARN_BLOCK_CAPTURE_AUTORELEASING = YES;
				CLANG_WARN_BOOL_CONVERSION = YES;
				CLANG_WARN_COMMA = YES;
				CLANG_WARN_CONSTANT_CONVERSION = YES;
				CLANG_WARN_DEPRECATED_OBJC_IMPLEMENTATIONS = YES;
				CLANG_WARN_DIRECT_OBJC_ISA_USAGE = YES_ERROR;
				CLANG_WARN_DOCUMENTATION_COMMENTS = YES;
				CLANG_WARN_EMPTY_BODY = YES;
				CLANG_WARN_ENUM_CONVERSION = YES;
				CLANG_WARN_INFINITE_RECURSION = YES;
				CLANG_WARN_INT_CONVERSION = YES;
				CLANG_WARN_NON_LITERAL_NULL_CONVERSION = YES;
				CLANG_WARN_OBJC_IMPLICIT_RETAIN_SELF = YES;
				CLANG_WARN_OBJC_LITERAL_CONVERSION = YES;
				CLANG_WARN_OBJC_ROOT_CLASS = YES_ERROR;
				CLANG_WARN_RANGE_LOOP_ANALYSIS = YES;
				CLANG_WARN_STRICT_PROTOTYPES = YES;
				CLANG_WARN_SUSPICIOUS_MOVE = YES;
				CLANG_WARN_UNGUARDED_AVAILABILITY = YES_AGGRESSIVE;
				CLANG_WARN_UNREACHABLE_CODE = YES;
				CLANG_WARN__DUPLICATE_METHOD_MATCH = YES;
				CODE_SIGN_IDENTITY = "iPhone Developer";
				COPY_PHASE_STRIP = NO;
				DEBUG_INFORMATION_FORMAT = dwarf;
				ENABLE_STRICT_OBJC_MSGSEND = YES;
				ENABLE_TESTABILITY = YES;
				GCC_C_LANGUAGE_STANDARD = gnu11;
				GCC_DYNAMIC_NO_PIC = NO;
				GCC_NO_COMMON_BLOCKS = YES;
				GCC_OPTIMIZATION_LEVEL = 0;
				GCC_PREPROCESSOR_DEFINITIONS = (
					"DEBUG=1",
					"$(inherited)",
				);
				GCC_WARN_64_TO_32_BIT_CONVERSION = YES;
				GCC_WARN_ABOUT_RETURN_TYPE = YES_ERROR;
				GCC_WARN_UNDECLARED_SELECTOR = YES;
				GCC_WARN_UNINITIALIZED_AUTOS = YES_AGGRESSIVE;
				GCC_WARN_UNUSED_FUNCTION = YES;
				GCC_WARN_UNUSED_VARIABLE = YES;
				IPHONEOS_DEPLOYMENT_TARGET = 12.2;
				MTL_ENABLE_DEBUG_INFO = INCLUDE_SOURCE;
				MTL_FAST_MATH = YES;
				ONLY_ACTIVE_ARCH = YES;
				SDKROOT = iphoneos;
				SWIFT_ACTIVE_COMPILATION_CONDITIONS = DEBUG;
				SWIFT_OPTIMIZATION_LEVEL = "-Onone";
			};
			name = Debug;
		};
		BFADB59C22553FB300E746B5 /* Release */ = {
			isa = XCBuildConfiguration;
			buildSettings = {
				ALWAYS_SEARCH_USER_PATHS = NO;
				CLANG_ANALYZER_NONNULL = YES;
				CLANG_ANALYZER_NUMBER_OBJECT_CONVERSION = YES_AGGRESSIVE;
				CLANG_CXX_LANGUAGE_STANDARD = "gnu++14";
				CLANG_CXX_LIBRARY = "libc++";
				CLANG_ENABLE_MODULES = YES;
				CLANG_ENABLE_OBJC_ARC = YES;
				CLANG_ENABLE_OBJC_WEAK = YES;
				CLANG_WARN_BLOCK_CAPTURE_AUTORELEASING = YES;
				CLANG_WARN_BOOL_CONVERSION = YES;
				CLANG_WARN_COMMA = YES;
				CLANG_WARN_CONSTANT_CONVERSION = YES;
				CLANG_WARN_DEPRECATED_OBJC_IMPLEMENTATIONS = YES;
				CLANG_WARN_DIRECT_OBJC_ISA_USAGE = YES_ERROR;
				CLANG_WARN_DOCUMENTATION_COMMENTS = YES;
				CLANG_WARN_EMPTY_BODY = YES;
				CLANG_WARN_ENUM_CONVERSION = YES;
				CLANG_WARN_INFINITE_RECURSION = YES;
				CLANG_WARN_INT_CONVERSION = YES;
				CLANG_WARN_NON_LITERAL_NULL_CONVERSION = YES;
				CLANG_WARN_OBJC_IMPLICIT_RETAIN_SELF = YES;
				CLANG_WARN_OBJC_LITERAL_CONVERSION = YES;
				CLANG_WARN_OBJC_ROOT_CLASS = YES_ERROR;
				CLANG_WARN_RANGE_LOOP_ANALYSIS = YES;
				CLANG_WARN_STRICT_PROTOTYPES = YES;
				CLANG_WARN_SUSPICIOUS_MOVE = YES;
				CLANG_WARN_UNGUARDED_AVAILABILITY = YES_AGGRESSIVE;
				CLANG_WARN_UNREACHABLE_CODE = YES;
				CLANG_WARN__DUPLICATE_METHOD_MATCH = YES;
				CODE_SIGN_IDENTITY = "iPhone Developer";
				COPY_PHASE_STRIP = NO;
				DEBUG_INFORMATION_FORMAT = "dwarf-with-dsym";
				ENABLE_NS_ASSERTIONS = NO;
				ENABLE_STRICT_OBJC_MSGSEND = YES;
				GCC_C_LANGUAGE_STANDARD = gnu11;
				GCC_NO_COMMON_BLOCKS = YES;
				GCC_WARN_64_TO_32_BIT_CONVERSION = YES;
				GCC_WARN_ABOUT_RETURN_TYPE = YES_ERROR;
				GCC_WARN_UNDECLARED_SELECTOR = YES;
				GCC_WARN_UNINITIALIZED_AUTOS = YES_AGGRESSIVE;
				GCC_WARN_UNUSED_FUNCTION = YES;
				GCC_WARN_UNUSED_VARIABLE = YES;
				IPHONEOS_DEPLOYMENT_TARGET = 12.2;
				MTL_ENABLE_DEBUG_INFO = NO;
				MTL_FAST_MATH = YES;
				SDKROOT = iphoneos;
				SWIFT_COMPILATION_MODE = wholemodule;
				SWIFT_OPTIMIZATION_LEVEL = "-O";
				VALIDATE_PRODUCT = YES;
			};
			name = Release;
		};
		BFADB59E22553FB300E746B5 /* Debug */ = {
			isa = XCBuildConfiguration;
			baseConfigurationReference = F84EED13AF1CC6349F726937 /* Pods-Elite.debug.xcconfig */;
			buildSettings = {
				ASSETCATALOG_COMPILER_APPICON_NAME = AppIcon;
				CODE_SIGN_STYLE = Automatic;

				DEVELOPMENT_TEAM = 2X456QR9DN;

				INFOPLIST_FILE = Elite/Info.plist;
				IPHONEOS_DEPLOYMENT_TARGET = 12.2;
				LD_RUNPATH_SEARCH_PATHS = (
					"$(inherited)",
					"@executable_path/Frameworks",
				);
				PRODUCT_BUNDLE_IDENTIFIER = Pritesh.Elite;
				PRODUCT_NAME = "$(TARGET_NAME)";
				SWIFT_VERSION = 5.0;
				TARGETED_DEVICE_FAMILY = "1,2";
			};
			name = Debug;
		};
		BFADB59F22553FB300E746B5 /* Release */ = {
			isa = XCBuildConfiguration;
			baseConfigurationReference = AA2B205210B3DCCE14EFD090 /* Pods-Elite.release.xcconfig */;
			buildSettings = {
				ASSETCATALOG_COMPILER_APPICON_NAME = AppIcon;
				CODE_SIGN_STYLE = Automatic;

				DEVELOPMENT_TEAM = 2X456QR9DN;

				INFOPLIST_FILE = Elite/Info.plist;
				IPHONEOS_DEPLOYMENT_TARGET = 12.2;
				LD_RUNPATH_SEARCH_PATHS = (
					"$(inherited)",
					"@executable_path/Frameworks",
				);
				PRODUCT_BUNDLE_IDENTIFIER = Pritesh.Elite;
				PRODUCT_NAME = "$(TARGET_NAME)";
				SWIFT_VERSION = 5.0;
				TARGETED_DEVICE_FAMILY = "1,2";
			};
			name = Release;
		};
/* End XCBuildConfiguration section */

/* Begin XCConfigurationList section */
		BFADB58622553FB200E746B5 /* Build configuration list for PBXProject "Elite" */ = {
			isa = XCConfigurationList;
			buildConfigurations = (
				BFADB59B22553FB300E746B5 /* Debug */,
				BFADB59C22553FB300E746B5 /* Release */,
			);
			defaultConfigurationIsVisible = 0;
			defaultConfigurationName = Release;
		};
		BFADB59D22553FB300E746B5 /* Build configuration list for PBXNativeTarget "Elite" */ = {
			isa = XCConfigurationList;
			buildConfigurations = (
				BFADB59E22553FB300E746B5 /* Debug */,
				BFADB59F22553FB300E746B5 /* Release */,
			);
			defaultConfigurationIsVisible = 0;
			defaultConfigurationName = Release;
		};
/* End XCConfigurationList section */
	};
	rootObject = BFADB58322553FB200E746B5 /* Project object */;
}
